// !$*UTF8*$!
{
	archiveVersion = 1;
	classes = {
	};
	objectVersion = 46;
	objects = {

/* Begin PBXBuildFile section */
		3201088596B4756681693705 /* libThree20UICommon.a in Frameworks */ = {isa = PBXBuildFile; fileRef = 3201088596B4756681693704 /* libThree20UICommon.a */; };
		320A2827FEC940B25BC42C65 /* libThree20Core.a in Frameworks */ = {isa = PBXBuildFile; fileRef = 320A2827FEC940B25BC42C64 /* libThree20Core.a */; };
		320A5A189C235877202780D5 /* libThree20Network.a in Frameworks */ = {isa = PBXBuildFile; fileRef = 320A5A189C235877202780D4 /* libThree20Network.a */; };
		320A737074758E53BA54BE95 /* libThree20UINavigator.a in Frameworks */ = {isa = PBXBuildFile; fileRef = 320A737074758E53BA54BE94 /* libThree20UINavigator.a */; };
		320AF8492C47A4D819F7C451 /* QuartzCore.framework in Frameworks */ = {isa = PBXBuildFile; fileRef = 320AF8492C47A4D819F7C450 /* QuartzCore.framework */; };
		320B6C86F11D9990244A9731 /* Three20.bundle in Resources */ = {isa = PBXBuildFile; fileRef = 320B6C86F11D9990244A9730 /* Three20.bundle */; };
		320CC833B8AF0ACFD35E6225 /* libThree20Style.a in Frameworks */ = {isa = PBXBuildFile; fileRef = 320CC833B8AF0ACFD35E6224 /* libThree20Style.a */; };
		320D7DCCE32703ACAB9A45E5 /* libThree20.a in Frameworks */ = {isa = PBXBuildFile; fileRef = 320D7DCCE32703ACAB9A45E4 /* libThree20.a */; };
		320F2C48872C2E2C4DF86205 /* libThree20UI.a in Frameworks */ = {isa = PBXBuildFile; fileRef = 320F2C48872C2E2C4DF86204 /* libThree20UI.a */; };
		842510AF14C922ED007CE27F /* Security.framework in Frameworks */ = {isa = PBXBuildFile; fileRef = 842510AE14C922EC007CE27F /* Security.framework */; };
		842510BD14C92AFD007CE27F /* QuartzCore.framework in Frameworks */ = {isa = PBXBuildFile; fileRef = 842510BC14C92AFD007CE27F /* QuartzCore.framework */; };
		842510C214C92B74007CE27F /* CIDoorwaySegue.m in Sources */ = {isa = PBXBuildFile; fileRef = 842510C114C92B74007CE27F /* CIDoorwaySegue.m */; };
		842510C514C92D0C007CE27F /* StartUpViewController.m in Sources */ = {isa = PBXBuildFile; fileRef = 842510C414C92D0C007CE27F /* StartUpViewController.m */; };
		842510CB14C9456E007CE27F /* Homepage_bg.png in Resources */ = {isa = PBXBuildFile; fileRef = 842510CA14C9456E007CE27F /* Homepage_bg.png */; };
		842510CF14C95916007CE27F /* enterButton.png in Resources */ = {isa = PBXBuildFile; fileRef = 842510CE14C95916007CE27F /* enterButton.png */; };
		842510D814C96137007CE27F /* MBProgressHUD.m in Sources */ = {isa = PBXBuildFile; fileRef = 842510D714C96137007CE27F /* MBProgressHUD.m */; settings = {COMPILER_FLAGS = "-fno-objc-arc"; }; };
		842510E414C96A82007CE27F /* ThisWeekUpdate.png in Resources */ = {isa = PBXBuildFile; fileRef = 842510E314C96A82007CE27F /* ThisWeekUpdate.png */; };
		8438021B14CA60CC00F54BBC /* button_back_textured_24.png in Resources */ = {isa = PBXBuildFile; fileRef = 8438021714CA60CC00F54BBC /* button_back_textured_24.png */; };
		8438021C14CA60CC00F54BBC /* button_back_textured_30.png in Resources */ = {isa = PBXBuildFile; fileRef = 8438021814CA60CC00F54BBC /* button_back_textured_30.png */; };
		8438021D14CA60CC00F54BBC /* button_textured_24.png in Resources */ = {isa = PBXBuildFile; fileRef = 8438021914CA60CC00F54BBC /* button_textured_24.png */; };
		8438021E14CA60CC00F54BBC /* button_textured_30.png in Resources */ = {isa = PBXBuildFile; fileRef = 8438021A14CA60CC00F54BBC /* button_textured_30.png */; };
		8438CCB514DFDEBE00594332 /* ItemBought.m in Sources */ = {isa = PBXBuildFile; fileRef = 8438CCB414DFDEBD00594332 /* ItemBought.m */; };
		8458F3EA14CA93BF00C5D2A0 /* bluebutton@2x.png in Resources */ = {isa = PBXBuildFile; fileRef = 8458F3E714CA93BF00C5D2A0 /* bluebutton@2x.png */; };
		8458F3EB14CA93BF00C5D2A0 /* greenbutton@2x.png in Resources */ = {isa = PBXBuildFile; fileRef = 8458F3E814CA93BF00C5D2A0 /* greenbutton@2x.png */; };
		8458F3EC14CA93BF00C5D2A0 /* redbutton@2x.png in Resources */ = {isa = PBXBuildFile; fileRef = 8458F3E914CA93BF00C5D2A0 /* redbutton@2x.png */; };
		84677F6814E37C350037A2AD /* MyConstants.m in Sources */ = {isa = PBXBuildFile; fileRef = 84677F6714E37C340037A2AD /* MyConstants.m */; };
		846BA9D114CBF2CB009704F2 /* back-arrow.png in Resources */ = {isa = PBXBuildFile; fileRef = 846BA9CD14CBF2CB009704F2 /* back-arrow.png */; };
		846BA9D214CBF2CB009704F2 /* back-arrow@2x.png in Resources */ = {isa = PBXBuildFile; fileRef = 846BA9CE14CBF2CB009704F2 /* back-arrow@2x.png */; };
		846BA9D314CBF2CB009704F2 /* forward-arrow.png in Resources */ = {isa = PBXBuildFile; fileRef = 846BA9CF14CBF2CB009704F2 /* forward-arrow.png */; };
		846BA9D414CBF2CB009704F2 /* forward-arrow@2x.png in Resources */ = {isa = PBXBuildFile; fileRef = 846BA9D014CBF2CB009704F2 /* forward-arrow@2x.png */; };
		846BA9D814CC0390009704F2 /* DetailViewController.m in Sources */ = {isa = PBXBuildFile; fileRef = 846BA9D714CC0390009704F2 /* DetailViewController.m */; };
		847387BF14CA92F400D88614 /* greenbutton.png in Resources */ = {isa = PBXBuildFile; fileRef = 847387BE14CA92F400D88614 /* greenbutton.png */; };
		8474012714CE4B8F0091278C /* AudioToolbox.framework in Frameworks */ = {isa = PBXBuildFile; fileRef = 8474012614CE4B8F0091278C /* AudioToolbox.framework */; };
		8474012C14CE51B00091278C /* 92909__robinhood76__01526-swoosh-2.wav in Resources */ = {isa = PBXBuildFile; fileRef = 8474012B14CE51B00091278C /* 92909__robinhood76__01526-swoosh-2.wav */; };
		848437EA14CB010D00C40A1B /* yellowbutton.png in Resources */ = {isa = PBXBuildFile; fileRef = 848437E814CB010D00C40A1B /* yellowbutton.png */; };
		848437EB14CB010D00C40A1B /* yellowbutton@2x.png in Resources */ = {isa = PBXBuildFile; fileRef = 848437E914CB010D00C40A1B /* yellowbutton@2x.png */; };
		848437F314CB022600C40A1B /* UIView+Animation.m in Sources */ = {isa = PBXBuildFile; fileRef = 848437F214CB022600C40A1B /* UIView+Animation.m */; };
		848437FA14CB163300C40A1B /* ListTableViewController.m in Sources */ = {isa = PBXBuildFile; fileRef = 848437F914CB163300C40A1B /* ListTableViewController.m */; };
		8484381214CB1DA100C40A1B /* SDImageCache.m in Sources */ = {isa = PBXBuildFile; fileRef = 8484380114CB1DA100C40A1B /* SDImageCache.m */; settings = {COMPILER_FLAGS = "-fno-objc-arc"; }; };
		8484381314CB1DA100C40A1B /* SDWebImageDecoder.m in Sources */ = {isa = PBXBuildFile; fileRef = 8484380514CB1DA100C40A1B /* SDWebImageDecoder.m */; settings = {COMPILER_FLAGS = "-fno-objc-arc"; }; };
		8484381414CB1DA100C40A1B /* SDWebImageDownloader.m in Sources */ = {isa = PBXBuildFile; fileRef = 8484380714CB1DA100C40A1B /* SDWebImageDownloader.m */; settings = {COMPILER_FLAGS = "-fno-objc-arc"; }; };
		8484381514CB1DA100C40A1B /* SDWebImageManager.m in Sources */ = {isa = PBXBuildFile; fileRef = 8484380A14CB1DA100C40A1B /* SDWebImageManager.m */; settings = {COMPILER_FLAGS = "-fno-objc-arc"; }; };
		8484381614CB1DA100C40A1B /* SDWebImagePrefetcher.m in Sources */ = {isa = PBXBuildFile; fileRef = 8484380D14CB1DA100C40A1B /* SDWebImagePrefetcher.m */; settings = {COMPILER_FLAGS = "-fno-objc-arc"; }; };
		8484381714CB1DA100C40A1B /* UIButton+WebCache.m in Sources */ = {isa = PBXBuildFile; fileRef = 8484380F14CB1DA100C40A1B /* UIButton+WebCache.m */; settings = {COMPILER_FLAGS = "-fno-objc-arc"; }; };
		8484381814CB1DA100C40A1B /* UIImageView+WebCache.m in Sources */ = {isa = PBXBuildFile; fileRef = 8484381114CB1DA100C40A1B /* UIImageView+WebCache.m */; settings = {COMPILER_FLAGS = "-fno-objc-arc"; }; };
		8484381A14CB1F9700C40A1B /* Placeholder.png in Resources */ = {isa = PBXBuildFile; fileRef = 8484381914CB1F9700C40A1B /* Placeholder.png */; };
		8484C76414CC614C0041573E /* detailTableCell.png in Resources */ = {isa = PBXBuildFile; fileRef = 8484C76214CC614C0041573E /* detailTableCell.png */; };
		8484C76514CC614C0041573E /* detailTableCell@2x.png in Resources */ = {isa = PBXBuildFile; fileRef = 8484C76314CC614C0041573E /* detailTableCell@2x.png */; };
		84A3037014CBCF0400489454 /* backgroundCell.png in Resources */ = {isa = PBXBuildFile; fileRef = 84A3036E14CBCF0400489454 /* backgroundCell.png */; };
		84A3037114CBCF0400489454 /* backgroundCell@2x.png in Resources */ = {isa = PBXBuildFile; fileRef = 84A3036F14CBCF0400489454 /* backgroundCell@2x.png */; };
		84A85B3C14E5429B0068A51D /* ImageDetailViewController.m in Sources */ = {isa = PBXBuildFile; fileRef = 84A85B3A14E5429A0068A51D /* ImageDetailViewController.m */; };
		84A85B3D14E5429B0068A51D /* ImageDetailViewController.xib in Resources */ = {isa = PBXBuildFile; fileRef = 84A85B3B14E5429B0068A51D /* ImageDetailViewController.xib */; };
		84A85B4214E545540068A51D /* CloseButton.png in Resources */ = {isa = PBXBuildFile; fileRef = 84A85B3E14E545540068A51D /* CloseButton.png */; };
		84A85B4314E545540068A51D /* CloseButton@2x.png in Resources */ = {isa = PBXBuildFile; fileRef = 84A85B3F14E545540068A51D /* CloseButton@2x.png */; };
		84A85B4414E545540068A51D /* DetailPlaceholder.png in Resources */ = {isa = PBXBuildFile; fileRef = 84A85B4014E545540068A51D /* DetailPlaceholder.png */; };
		84A85B4514E545540068A51D /* DetailPlaceholder@2x.png in Resources */ = {isa = PBXBuildFile; fileRef = 84A85B4114E545540068A51D /* DetailPlaceholder@2x.png */; };
		84B2275C14D03E0E00B5133F /* Table_bottom.png in Resources */ = {isa = PBXBuildFile; fileRef = 84B2275914D03E0E00B5133F /* Table_bottom.png */; };
		84B2275D14D03E0E00B5133F /* Table_mid.png in Resources */ = {isa = PBXBuildFile; fileRef = 84B2275A14D03E0E00B5133F /* Table_mid.png */; };
		84B2275E14D03E0E00B5133F /* Table_top.png in Resources */ = {isa = PBXBuildFile; fileRef = 84B2275B14D03E0E00B5133F /* Table_top.png */; };
		84C4F06614CA5D9600B9A1BC /* CustomTitleViewController.m in Sources */ = {isa = PBXBuildFile; fileRef = 84C4F06514CA5D9600B9A1BC /* CustomTitleViewController.m */; };
		84C5B78314C9919100648B54 /* WebViewController.m in Sources */ = {isa = PBXBuildFile; fileRef = 84C5B78214C9919000648B54 /* WebViewController.m */; };
		84C5B79214C9B9F800648B54 /* titleView.png in Resources */ = {isa = PBXBuildFile; fileRef = 84C5B79114C9B9F800648B54 /* titleView.png */; };
		84C5B79B14C9BF5100648B54 /* HomeViewController.m in Sources */ = {isa = PBXBuildFile; fileRef = 84C5B79A14C9BF5100648B54 /* HomeViewController.m */; };
		84C5B7A114C9C1DB00648B54 /* titleView@2x.png in Resources */ = {isa = PBXBuildFile; fileRef = 84C5B7A014C9C1DB00648B54 /* titleView@2x.png */; };
		84C5B7A414C9C41800648B54 /* Homepage(2nd).png in Resources */ = {isa = PBXBuildFile; fileRef = 84C5B7A314C9C41800648B54 /* Homepage(2nd).png */; };
		84C9FF5914C91F6B0018FFA0 /* UIKit.framework in Frameworks */ = {isa = PBXBuildFile; fileRef = 84C9FF5814C91F6B0018FFA0 /* UIKit.framework */; };
		84C9FF5B14C91F6B0018FFA0 /* Foundation.framework in Frameworks */ = {isa = PBXBuildFile; fileRef = 84C9FF5A14C91F6B0018FFA0 /* Foundation.framework */; };
		84C9FF5D14C91F6B0018FFA0 /* CoreGraphics.framework in Frameworks */ = {isa = PBXBuildFile; fileRef = 84C9FF5C14C91F6B0018FFA0 /* CoreGraphics.framework */; };
		84C9FF6314C91F6B0018FFA0 /* InfoPlist.strings in Resources */ = {isa = PBXBuildFile; fileRef = 84C9FF6114C91F6B0018FFA0 /* InfoPlist.strings */; };
		84C9FF6514C91F6B0018FFA0 /* main.m in Sources */ = {isa = PBXBuildFile; fileRef = 84C9FF6414C91F6B0018FFA0 /* main.m */; };
		84C9FF6914C91F6B0018FFA0 /* AppDelegate.m in Sources */ = {isa = PBXBuildFile; fileRef = 84C9FF6814C91F6B0018FFA0 /* AppDelegate.m */; };
		84C9FF6C14C91F6B0018FFA0 /* MainStoryboard.storyboard in Resources */ = {isa = PBXBuildFile; fileRef = 84C9FF6A14C91F6B0018FFA0 /* MainStoryboard.storyboard */; };
		84CD9B1214E25F40004EBFE6 /* facebooklikebutton.png in Resources */ = {isa = PBXBuildFile; fileRef = 84CD9B1114E25F40004EBFE6 /* facebooklikebutton.png */; };
		84CD9B1C14E26343004EBFE6 /* glossyButton-disabled.png in Resources */ = {isa = PBXBuildFile; fileRef = 84CD9B1914E26343004EBFE6 /* glossyButton-disabled.png */; };
		84CD9B1D14E26343004EBFE6 /* glossyButton-highlighted.png in Resources */ = {isa = PBXBuildFile; fileRef = 84CD9B1A14E26343004EBFE6 /* glossyButton-highlighted.png */; };
		84CD9B1E14E26343004EBFE6 /* glossyButton-normal.png in Resources */ = {isa = PBXBuildFile; fileRef = 84CD9B1B14E26343004EBFE6 /* glossyButton-normal.png */; };
		84CD9B2414E27ED3004EBFE6 /* NSString+MD5Addition.m in Sources */ = {isa = PBXBuildFile; fileRef = 84CD9B2114E27ED3004EBFE6 /* NSString+MD5Addition.m */; settings = {COMPILER_FLAGS = "-fno-objc-arc"; }; };
		84CD9B2514E27ED3004EBFE6 /* UIDevice+IdentifierAddition.m in Sources */ = {isa = PBXBuildFile; fileRef = 84CD9B2314E27ED3004EBFE6 /* UIDevice+IdentifierAddition.m */; settings = {COMPILER_FLAGS = "-fno-objc-arc"; }; };
		84CFDDE514DCB88600A831FB /* AFHTTPClient.m in Sources */ = {isa = PBXBuildFile; fileRef = 84CFDDD114DCB88600A831FB /* AFHTTPClient.m */; settings = {COMPILER_FLAGS = "-fno-objc-arc"; }; };
		84CFDDE614DCB88600A831FB /* AFHTTPRequestOperation.m in Sources */ = {isa = PBXBuildFile; fileRef = 84CFDDD314DCB88600A831FB /* AFHTTPRequestOperation.m */; settings = {COMPILER_FLAGS = "-fno-objc-arc"; }; };
		84CFDDE714DCB88600A831FB /* AFImageRequestOperation.m in Sources */ = {isa = PBXBuildFile; fileRef = 84CFDDD514DCB88600A831FB /* AFImageRequestOperation.m */; settings = {COMPILER_FLAGS = "-fno-objc-arc"; }; };
		84CFDDE814DCB88600A831FB /* AFJSONRequestOperation.m in Sources */ = {isa = PBXBuildFile; fileRef = 84CFDDD714DCB88600A831FB /* AFJSONRequestOperation.m */; settings = {COMPILER_FLAGS = "-fno-objc-arc"; }; };
		84CFDDE914DCB88600A831FB /* AFJSONUtilities.m in Sources */ = {isa = PBXBuildFile; fileRef = 84CFDDD914DCB88600A831FB /* AFJSONUtilities.m */; settings = {COMPILER_FLAGS = "-fno-objc-arc"; }; };
		84CFDDEA14DCB88600A831FB /* AFNetworkActivityIndicatorManager.m in Sources */ = {isa = PBXBuildFile; fileRef = 84CFDDDB14DCB88600A831FB /* AFNetworkActivityIndicatorManager.m */; settings = {COMPILER_FLAGS = "-fno-objc-arc"; }; };
		84CFDDEB14DCB88600A831FB /* AFPropertyListRequestOperation.m in Sources */ = {isa = PBXBuildFile; fileRef = 84CFDDDE14DCB88600A831FB /* AFPropertyListRequestOperation.m */; settings = {COMPILER_FLAGS = "-fno-objc-arc"; }; };
		84CFDDEC14DCB88600A831FB /* AFURLConnectionOperation.m in Sources */ = {isa = PBXBuildFile; fileRef = 84CFDDE014DCB88600A831FB /* AFURLConnectionOperation.m */; settings = {COMPILER_FLAGS = "-fno-objc-arc"; }; };
		84CFDDED14DCB88600A831FB /* AFXMLRequestOperation.m in Sources */ = {isa = PBXBuildFile; fileRef = 84CFDDE214DCB88600A831FB /* AFXMLRequestOperation.m */; settings = {COMPILER_FLAGS = "-fno-objc-arc"; }; };
		84CFDDEE14DCB88600A831FB /* UIImageView+AFNetworking.m in Sources */ = {isa = PBXBuildFile; fileRef = 84CFDDE414DCB88600A831FB /* UIImageView+AFNetworking.m */; settings = {COMPILER_FLAGS = "-fno-objc-arc"; }; };
		84D508DC14E1556C0053727A /* startingSound.wav in Resources */ = {isa = PBXBuildFile; fileRef = 84D508DB14E1556C0053727A /* startingSound.wav */; };
		84D95C1B14DEC307000D535D /* Place.m in Sources */ = {isa = PBXBuildFile; fileRef = 84D95C1A14DEC307000D535D /* Place.m */; };
		84E0653E14CEC39800B28270 /* present.png in Resources */ = {isa = PBXBuildFile; fileRef = 84E0653D14CEC39800B28270 /* present.png */; };
		84E0654214CEC78F00B28270 /* GiveawayViewController.m in Sources */ = {isa = PBXBuildFile; fileRef = 84E0654114CEC78F00B28270 /* GiveawayViewController.m */; };
		84E0654514CECAB000B28270 /* present-nav.png in Resources */ = {isa = PBXBuildFile; fileRef = 84E0654314CECAB000B28270 /* present-nav.png */; };
		84E0654614CECAB000B28270 /* present-nav@2x.png in Resources */ = {isa = PBXBuildFile; fileRef = 84E0654414CECAB000B28270 /* present-nav@2x.png */; };
		84E971E014E5484F0011D7E2 /* GradientView.m in Sources */ = {isa = PBXBuildFile; fileRef = 84E971DF14E5484F0011D7E2 /* GradientView.m */; };
		84EE42AA14E029F000F18806 /* Winner.m in Sources */ = {isa = PBXBuildFile; fileRef = 84EE42A914E029F000F18806 /* Winner.m */; };
		84EE42AE14E02B0A00F18806 /* GiveawayItem.m in Sources */ = {isa = PBXBuildFile; fileRef = 84EE42AD14E02B0A00F18806 /* GiveawayItem.m */; };
		84F33A3914CA545900293981 /* bluebutton.png in Resources */ = {isa = PBXBuildFile; fileRef = 84F33A3714CA545900293981 /* bluebutton.png */; };
		84F33A3A14CA545900293981 /* redbutton.png in Resources */ = {isa = PBXBuildFile; fileRef = 84F33A3814CA545900293981 /* redbutton.png */; };
		84FFAD3F14D6949F00714B36 /* Icon.png in Resources */ = {isa = PBXBuildFile; fileRef = 84FFAD3E14D6949F00714B36 /* Icon.png */; };
		84FFAD4114D694E900714B36 /* Icon@2x.png in Resources */ = {isa = PBXBuildFile; fileRef = 84FFAD4014D694E900714B36 /* Icon@2x.png */; };
		84FFAD4814D69EA400714B36 /* giveawayCell.png in Resources */ = {isa = PBXBuildFile; fileRef = 84FFAD4714D69EA400714B36 /* giveawayCell.png */; };
/* End PBXBuildFile section */

/* Begin PBXContainerItemProxy section */
		3201088596B4756681693702 /* PBXContainerItemProxy */ = {
			isa = PBXContainerItemProxy;
			containerPortal = 3201088596B4756681693700 /* Three20UICommon.xcodeproj */;
			proxyType = 1;
			remoteGlobalIDString = BEF31F390F352DF5000DE5D2;
			remoteInfo = Three20UICommon;
		};
		3201088596B4756681693706 /* PBXContainerItemProxy */ = {
			isa = PBXContainerItemProxy;
			containerPortal = 3201088596B4756681693700 /* Three20UICommon.xcodeproj */;
			proxyType = 2;
			remoteGlobalIDString = BEF31F3A0F352DF5000DE5D2;
			remoteInfo = Three20UICommon;
		};
		320A2827FEC940B25BC42C62 /* PBXContainerItemProxy */ = {
			isa = PBXContainerItemProxy;
			containerPortal = 320A2827FEC940B25BC42C60 /* Three20Core.xcodeproj */;
			proxyType = 1;
			remoteGlobalIDString = BEF31F390F352DF5000DE5D2;
			remoteInfo = Three20Core;
		};
		320A2827FEC940B25BC42C66 /* PBXContainerItemProxy */ = {
			isa = PBXContainerItemProxy;
			containerPortal = 320A2827FEC940B25BC42C60 /* Three20Core.xcodeproj */;
			proxyType = 2;
			remoteGlobalIDString = BEF31F3A0F352DF5000DE5D2;
			remoteInfo = Three20Core;
		};
		320A5A189C235877202780D2 /* PBXContainerItemProxy */ = {
			isa = PBXContainerItemProxy;
			containerPortal = 320A5A189C235877202780D0 /* Three20Network.xcodeproj */;
			proxyType = 1;
			remoteGlobalIDString = BEF31F390F352DF5000DE5D2;
			remoteInfo = Three20Network;
		};
		320A5A189C235877202780D6 /* PBXContainerItemProxy */ = {
			isa = PBXContainerItemProxy;
			containerPortal = 320A5A189C235877202780D0 /* Three20Network.xcodeproj */;
			proxyType = 2;
			remoteGlobalIDString = BEF31F3A0F352DF5000DE5D2;
			remoteInfo = Three20Network;
		};
		320A737074758E53BA54BE92 /* PBXContainerItemProxy */ = {
			isa = PBXContainerItemProxy;
			containerPortal = 320A737074758E53BA54BE90 /* Three20UINavigator.xcodeproj */;
			proxyType = 1;
			remoteGlobalIDString = BEF31F390F352DF5000DE5D2;
			remoteInfo = Three20UINavigator;
		};
		320A737074758E53BA54BE96 /* PBXContainerItemProxy */ = {
			isa = PBXContainerItemProxy;
			containerPortal = 320A737074758E53BA54BE90 /* Three20UINavigator.xcodeproj */;
			proxyType = 2;
			remoteGlobalIDString = BEF31F3A0F352DF5000DE5D2;
			remoteInfo = Three20UINavigator;
		};
		320CC833B8AF0ACFD35E6222 /* PBXContainerItemProxy */ = {
			isa = PBXContainerItemProxy;
			containerPortal = 320CC833B8AF0ACFD35E6220 /* Three20Style.xcodeproj */;
			proxyType = 1;
			remoteGlobalIDString = BEF31F390F352DF5000DE5D2;
			remoteInfo = Three20Style;
		};
		320CC833B8AF0ACFD35E6226 /* PBXContainerItemProxy */ = {
			isa = PBXContainerItemProxy;
			containerPortal = 320CC833B8AF0ACFD35E6220 /* Three20Style.xcodeproj */;
			proxyType = 2;
			remoteGlobalIDString = BEF31F3A0F352DF5000DE5D2;
			remoteInfo = Three20Style;
		};
		320D7DCCE32703ACAB9A45E2 /* PBXContainerItemProxy */ = {
			isa = PBXContainerItemProxy;
			containerPortal = 320D7DCCE32703ACAB9A45E0 /* Three20.xcodeproj */;
			proxyType = 1;
			remoteGlobalIDString = BEF31F390F352DF5000DE5D2;
			remoteInfo = Three20;
		};
		320D7DCCE32703ACAB9A45E6 /* PBXContainerItemProxy */ = {
			isa = PBXContainerItemProxy;
			containerPortal = 320D7DCCE32703ACAB9A45E0 /* Three20.xcodeproj */;
			proxyType = 2;
			remoteGlobalIDString = BEF31F3A0F352DF5000DE5D2;
			remoteInfo = Three20;
		};
		320F2C48872C2E2C4DF86202 /* PBXContainerItemProxy */ = {
			isa = PBXContainerItemProxy;
			containerPortal = 320F2C48872C2E2C4DF86200 /* Three20UI.xcodeproj */;
			proxyType = 1;
			remoteGlobalIDString = BEF31F390F352DF5000DE5D2;
			remoteInfo = Three20UI;
		};
		320F2C48872C2E2C4DF86206 /* PBXContainerItemProxy */ = {
			isa = PBXContainerItemProxy;
			containerPortal = 320F2C48872C2E2C4DF86200 /* Three20UI.xcodeproj */;
			proxyType = 2;
			remoteGlobalIDString = BEF31F3A0F352DF5000DE5D2;
			remoteInfo = Three20UI;
		};
		84C470D614E416EC0055FF04 /* PBXContainerItemProxy */ = {
			isa = PBXContainerItemProxy;
			containerPortal = 320D7DCCE32703ACAB9A45E0 /* Three20.xcodeproj */;
			proxyType = 2;
			remoteGlobalIDString = EB9E6C6210B6A8F800DE563C;
			remoteInfo = Three20UnitTests;
		};
		84C470D914E416EC0055FF04 /* PBXContainerItemProxy */ = {
			isa = PBXContainerItemProxy;
			containerPortal = 320A2827FEC940B25BC42C60 /* Three20Core.xcodeproj */;
			proxyType = 2;
			remoteGlobalIDString = EB9E6C6210B6A8F800DE563C;
			remoteInfo = Three20CoreUnitTests;
		};
		84C470DC14E416EC0055FF04 /* PBXContainerItemProxy */ = {
			isa = PBXContainerItemProxy;
			containerPortal = 320A5A189C235877202780D0 /* Three20Network.xcodeproj */;
			proxyType = 2;
			remoteGlobalIDString = EB9E6C6210B6A8F800DE563C;
			remoteInfo = Three20NetworkUnitTests;
		};
		84C470DF14E416EC0055FF04 /* PBXContainerItemProxy */ = {
			isa = PBXContainerItemProxy;
			containerPortal = 320CC833B8AF0ACFD35E6220 /* Three20Style.xcodeproj */;
			proxyType = 2;
			remoteGlobalIDString = EB9E6C6210B6A8F800DE563C;
			remoteInfo = Three20StyleUnitTests;
		};
		84C470E214E416EC0055FF04 /* PBXContainerItemProxy */ = {
			isa = PBXContainerItemProxy;
			containerPortal = 320F2C48872C2E2C4DF86200 /* Three20UI.xcodeproj */;
			proxyType = 2;
			remoteGlobalIDString = EB9E6C6210B6A8F800DE563C;
			remoteInfo = Three20UIUnitTests;
		};
		84C470E514E416EC0055FF04 /* PBXContainerItemProxy */ = {
			isa = PBXContainerItemProxy;
			containerPortal = 3201088596B4756681693700 /* Three20UICommon.xcodeproj */;
			proxyType = 2;
			remoteGlobalIDString = EB9E6C6210B6A8F800DE563C;
			remoteInfo = Three20UICommonUnitTests;
		};
		84C470E814E416EC0055FF04 /* PBXContainerItemProxy */ = {
			isa = PBXContainerItemProxy;
			containerPortal = 320A737074758E53BA54BE90 /* Three20UINavigator.xcodeproj */;
			proxyType = 2;
			remoteGlobalIDString = EB9E6C6210B6A8F800DE563C;
			remoteInfo = Three20UINavigatorUnitTests;
		};
/* End PBXContainerItemProxy section */

/* Begin PBXFileReference section */
		3201088596B4756681693700 /* Three20UICommon.xcodeproj */ = {isa = PBXFileReference; lastKnownFileType = "wrapper.pb-project"; name = Three20UICommon.xcodeproj; path = ../three20/src/Three20UICommon/Three20UICommon.xcodeproj; sourceTree = SOURCE_ROOT; };
		320A2827FEC940B25BC42C60 /* Three20Core.xcodeproj */ = {isa = PBXFileReference; lastKnownFileType = "wrapper.pb-project"; name = Three20Core.xcodeproj; path = ../three20/src/Three20Core/Three20Core.xcodeproj; sourceTree = SOURCE_ROOT; };
		320A5A189C235877202780D0 /* Three20Network.xcodeproj */ = {isa = PBXFileReference; lastKnownFileType = "wrapper.pb-project"; name = Three20Network.xcodeproj; path = ../three20/src/Three20Network/Three20Network.xcodeproj; sourceTree = SOURCE_ROOT; };
		320A737074758E53BA54BE90 /* Three20UINavigator.xcodeproj */ = {isa = PBXFileReference; lastKnownFileType = "wrapper.pb-project"; name = Three20UINavigator.xcodeproj; path = ../three20/src/Three20UINavigator/Three20UINavigator.xcodeproj; sourceTree = SOURCE_ROOT; };
		320AF8492C47A4D819F7C450 /* QuartzCore.framework */ = {isa = PBXFileReference; lastKnownFileType = wrapper.frameworks; name = QuartzCore.framework; path = System/Library/Frameworks/QuartzCore.framework; sourceTree = SDKROOT; };
		320B6C86F11D9990244A9730 /* Three20.bundle */ = {isa = PBXFileReference; lastKnownFileType = "wrapper.plug-in"; name = Three20.bundle; path = ../three20/src/Three20.bundle; sourceTree = SOURCE_ROOT; };
		320CC833B8AF0ACFD35E6220 /* Three20Style.xcodeproj */ = {isa = PBXFileReference; lastKnownFileType = "wrapper.pb-project"; name = Three20Style.xcodeproj; path = ../three20/src/Three20Style/Three20Style.xcodeproj; sourceTree = SOURCE_ROOT; };
		320D7DCCE32703ACAB9A45E0 /* Three20.xcodeproj */ = {isa = PBXFileReference; lastKnownFileType = "wrapper.pb-project"; name = Three20.xcodeproj; path = ../three20/src/Three20/Three20.xcodeproj; sourceTree = SOURCE_ROOT; };
		320F2C48872C2E2C4DF86200 /* Three20UI.xcodeproj */ = {isa = PBXFileReference; lastKnownFileType = "wrapper.pb-project"; name = Three20UI.xcodeproj; path = ../three20/src/Three20UI/Three20UI.xcodeproj; sourceTree = SOURCE_ROOT; };
		842510AE14C922EC007CE27F /* Security.framework */ = {isa = PBXFileReference; lastKnownFileType = wrapper.framework; name = Security.framework; path = System/Library/Frameworks/Security.framework; sourceTree = SDKROOT; };
		842510BC14C92AFD007CE27F /* QuartzCore.framework */ = {isa = PBXFileReference; lastKnownFileType = wrapper.framework; name = QuartzCore.framework; path = System/Library/Frameworks/QuartzCore.framework; sourceTree = SDKROOT; };
		842510C014C92B74007CE27F /* CIDoorwaySegue.h */ = {isa = PBXFileReference; fileEncoding = 4; lastKnownFileType = sourcecode.c.h; path = CIDoorwaySegue.h; sourceTree = "<group>"; };
		842510C114C92B74007CE27F /* CIDoorwaySegue.m */ = {isa = PBXFileReference; fileEncoding = 4; lastKnownFileType = sourcecode.c.objc; path = CIDoorwaySegue.m; sourceTree = "<group>"; };
		842510C314C92D0C007CE27F /* StartUpViewController.h */ = {isa = PBXFileReference; fileEncoding = 4; lastKnownFileType = sourcecode.c.h; path = StartUpViewController.h; sourceTree = "<group>"; };
		842510C414C92D0C007CE27F /* StartUpViewController.m */ = {isa = PBXFileReference; fileEncoding = 4; lastKnownFileType = sourcecode.c.objc; path = StartUpViewController.m; sourceTree = "<group>"; };
		842510CA14C9456E007CE27F /* Homepage_bg.png */ = {isa = PBXFileReference; lastKnownFileType = image.png; path = Homepage_bg.png; sourceTree = "<group>"; };
		842510CE14C95916007CE27F /* enterButton.png */ = {isa = PBXFileReference; lastKnownFileType = image.png; path = enterButton.png; sourceTree = "<group>"; };
		842510D614C96137007CE27F /* MBProgressHUD.h */ = {isa = PBXFileReference; fileEncoding = 4; lastKnownFileType = sourcecode.c.h; path = MBProgressHUD.h; sourceTree = "<group>"; };
		842510D714C96137007CE27F /* MBProgressHUD.m */ = {isa = PBXFileReference; fileEncoding = 4; lastKnownFileType = sourcecode.c.objc; path = MBProgressHUD.m; sourceTree = "<group>"; };
		842510E314C96A82007CE27F /* ThisWeekUpdate.png */ = {isa = PBXFileReference; lastKnownFileType = image.png; path = ThisWeekUpdate.png; sourceTree = "<group>"; };
		8438021714CA60CC00F54BBC /* button_back_textured_24.png */ = {isa = PBXFileReference; lastKnownFileType = image.png; path = button_back_textured_24.png; sourceTree = "<group>"; };
		8438021814CA60CC00F54BBC /* button_back_textured_30.png */ = {isa = PBXFileReference; lastKnownFileType = image.png; path = button_back_textured_30.png; sourceTree = "<group>"; };
		8438021914CA60CC00F54BBC /* button_textured_24.png */ = {isa = PBXFileReference; lastKnownFileType = image.png; path = button_textured_24.png; sourceTree = "<group>"; };
		8438021A14CA60CC00F54BBC /* button_textured_30.png */ = {isa = PBXFileReference; lastKnownFileType = image.png; path = button_textured_30.png; sourceTree = "<group>"; };
		8438CCB314DFDEBD00594332 /* ItemBought.h */ = {isa = PBXFileReference; fileEncoding = 4; lastKnownFileType = sourcecode.c.h; path = ItemBought.h; sourceTree = "<group>"; };
		8438CCB414DFDEBD00594332 /* ItemBought.m */ = {isa = PBXFileReference; fileEncoding = 4; lastKnownFileType = sourcecode.c.objc; path = ItemBought.m; sourceTree = "<group>"; };
		8458F3E714CA93BF00C5D2A0 /* bluebutton@2x.png */ = {isa = PBXFileReference; lastKnownFileType = image.png; path = "bluebutton@2x.png"; sourceTree = "<group>"; };
		8458F3E814CA93BF00C5D2A0 /* greenbutton@2x.png */ = {isa = PBXFileReference; lastKnownFileType = image.png; path = "greenbutton@2x.png"; sourceTree = "<group>"; };
		8458F3E914CA93BF00C5D2A0 /* redbutton@2x.png */ = {isa = PBXFileReference; lastKnownFileType = image.png; path = "redbutton@2x.png"; sourceTree = "<group>"; };
		84677F6614E37C340037A2AD /* MyConstants.h */ = {isa = PBXFileReference; fileEncoding = 4; lastKnownFileType = sourcecode.c.h; path = MyConstants.h; sourceTree = "<group>"; };
		84677F6714E37C340037A2AD /* MyConstants.m */ = {isa = PBXFileReference; fileEncoding = 4; lastKnownFileType = sourcecode.c.objc; path = MyConstants.m; sourceTree = "<group>"; };
		846BA9CD14CBF2CB009704F2 /* back-arrow.png */ = {isa = PBXFileReference; lastKnownFileType = image.png; path = "back-arrow.png"; sourceTree = "<group>"; };
		846BA9CE14CBF2CB009704F2 /* back-arrow@2x.png */ = {isa = PBXFileReference; lastKnownFileType = image.png; path = "back-arrow@2x.png"; sourceTree = "<group>"; };
		846BA9CF14CBF2CB009704F2 /* forward-arrow.png */ = {isa = PBXFileReference; lastKnownFileType = image.png; path = "forward-arrow.png"; sourceTree = "<group>"; };
		846BA9D014CBF2CB009704F2 /* forward-arrow@2x.png */ = {isa = PBXFileReference; lastKnownFileType = image.png; path = "forward-arrow@2x.png"; sourceTree = "<group>"; };
		846BA9D614CC0390009704F2 /* DetailViewController.h */ = {isa = PBXFileReference; fileEncoding = 4; lastKnownFileType = sourcecode.c.h; path = DetailViewController.h; sourceTree = "<group>"; };
		846BA9D714CC0390009704F2 /* DetailViewController.m */ = {isa = PBXFileReference; fileEncoding = 4; lastKnownFileType = sourcecode.c.objc; path = DetailViewController.m; sourceTree = "<group>"; };
		847387BE14CA92F400D88614 /* greenbutton.png */ = {isa = PBXFileReference; lastKnownFileType = image.png; path = greenbutton.png; sourceTree = "<group>"; };
		8474012614CE4B8F0091278C /* AudioToolbox.framework */ = {isa = PBXFileReference; lastKnownFileType = wrapper.framework; name = AudioToolbox.framework; path = System/Library/Frameworks/AudioToolbox.framework; sourceTree = SDKROOT; };
		8474012B14CE51B00091278C /* 92909__robinhood76__01526-swoosh-2.wav */ = {isa = PBXFileReference; lastKnownFileType = audio.wav; path = "92909__robinhood76__01526-swoosh-2.wav"; sourceTree = "<group>"; };
		848437E814CB010D00C40A1B /* yellowbutton.png */ = {isa = PBXFileReference; lastKnownFileType = image.png; path = yellowbutton.png; sourceTree = "<group>"; };
		848437E914CB010D00C40A1B /* yellowbutton@2x.png */ = {isa = PBXFileReference; lastKnownFileType = image.png; path = "yellowbutton@2x.png"; sourceTree = "<group>"; };
		848437F114CB022500C40A1B /* UIView+Animation.h */ = {isa = PBXFileReference; fileEncoding = 4; lastKnownFileType = sourcecode.c.h; path = "UIView+Animation.h"; sourceTree = "<group>"; };
		848437F214CB022600C40A1B /* UIView+Animation.m */ = {isa = PBXFileReference; fileEncoding = 4; lastKnownFileType = sourcecode.c.objc; path = "UIView+Animation.m"; sourceTree = "<group>"; };
		848437F814CB163300C40A1B /* ListTableViewController.h */ = {isa = PBXFileReference; fileEncoding = 4; lastKnownFileType = sourcecode.c.h; path = ListTableViewController.h; sourceTree = "<group>"; };
		848437F914CB163300C40A1B /* ListTableViewController.m */ = {isa = PBXFileReference; fileEncoding = 4; lastKnownFileType = sourcecode.c.objc; path = ListTableViewController.m; sourceTree = "<group>"; };
		8484380014CB1DA100C40A1B /* SDImageCache.h */ = {isa = PBXFileReference; fileEncoding = 4; lastKnownFileType = sourcecode.c.h; path = SDImageCache.h; sourceTree = "<group>"; };
		8484380114CB1DA100C40A1B /* SDImageCache.m */ = {isa = PBXFileReference; fileEncoding = 4; lastKnownFileType = sourcecode.c.objc; path = SDImageCache.m; sourceTree = "<group>"; };
		8484380214CB1DA100C40A1B /* SDImageCacheDelegate.h */ = {isa = PBXFileReference; fileEncoding = 4; lastKnownFileType = sourcecode.c.h; path = SDImageCacheDelegate.h; sourceTree = "<group>"; };
		8484380314CB1DA100C40A1B /* SDWebImageCompat.h */ = {isa = PBXFileReference; fileEncoding = 4; lastKnownFileType = sourcecode.c.h; path = SDWebImageCompat.h; sourceTree = "<group>"; };
		8484380414CB1DA100C40A1B /* SDWebImageDecoder.h */ = {isa = PBXFileReference; fileEncoding = 4; lastKnownFileType = sourcecode.c.h; path = SDWebImageDecoder.h; sourceTree = "<group>"; };
		8484380514CB1DA100C40A1B /* SDWebImageDecoder.m */ = {isa = PBXFileReference; fileEncoding = 4; lastKnownFileType = sourcecode.c.objc; path = SDWebImageDecoder.m; sourceTree = "<group>"; };
		8484380614CB1DA100C40A1B /* SDWebImageDownloader.h */ = {isa = PBXFileReference; fileEncoding = 4; lastKnownFileType = sourcecode.c.h; path = SDWebImageDownloader.h; sourceTree = "<group>"; };
		8484380714CB1DA100C40A1B /* SDWebImageDownloader.m */ = {isa = PBXFileReference; fileEncoding = 4; lastKnownFileType = sourcecode.c.objc; path = SDWebImageDownloader.m; sourceTree = "<group>"; };
		8484380814CB1DA100C40A1B /* SDWebImageDownloaderDelegate.h */ = {isa = PBXFileReference; fileEncoding = 4; lastKnownFileType = sourcecode.c.h; path = SDWebImageDownloaderDelegate.h; sourceTree = "<group>"; };
		8484380914CB1DA100C40A1B /* SDWebImageManager.h */ = {isa = PBXFileReference; fileEncoding = 4; lastKnownFileType = sourcecode.c.h; path = SDWebImageManager.h; sourceTree = "<group>"; };
		8484380A14CB1DA100C40A1B /* SDWebImageManager.m */ = {isa = PBXFileReference; fileEncoding = 4; lastKnownFileType = sourcecode.c.objc; path = SDWebImageManager.m; sourceTree = "<group>"; };
		8484380B14CB1DA100C40A1B /* SDWebImageManagerDelegate.h */ = {isa = PBXFileReference; fileEncoding = 4; lastKnownFileType = sourcecode.c.h; path = SDWebImageManagerDelegate.h; sourceTree = "<group>"; };
		8484380C14CB1DA100C40A1B /* SDWebImagePrefetcher.h */ = {isa = PBXFileReference; fileEncoding = 4; lastKnownFileType = sourcecode.c.h; path = SDWebImagePrefetcher.h; sourceTree = "<group>"; };
		8484380D14CB1DA100C40A1B /* SDWebImagePrefetcher.m */ = {isa = PBXFileReference; fileEncoding = 4; lastKnownFileType = sourcecode.c.objc; path = SDWebImagePrefetcher.m; sourceTree = "<group>"; };
		8484380E14CB1DA100C40A1B /* UIButton+WebCache.h */ = {isa = PBXFileReference; fileEncoding = 4; lastKnownFileType = sourcecode.c.h; path = "UIButton+WebCache.h"; sourceTree = "<group>"; };
		8484380F14CB1DA100C40A1B /* UIButton+WebCache.m */ = {isa = PBXFileReference; fileEncoding = 4; lastKnownFileType = sourcecode.c.objc; path = "UIButton+WebCache.m"; sourceTree = "<group>"; };
		8484381014CB1DA100C40A1B /* UIImageView+WebCache.h */ = {isa = PBXFileReference; fileEncoding = 4; lastKnownFileType = sourcecode.c.h; path = "UIImageView+WebCache.h"; sourceTree = "<group>"; };
		8484381114CB1DA100C40A1B /* UIImageView+WebCache.m */ = {isa = PBXFileReference; fileEncoding = 4; lastKnownFileType = sourcecode.c.objc; path = "UIImageView+WebCache.m"; sourceTree = "<group>"; };
		8484381914CB1F9700C40A1B /* Placeholder.png */ = {isa = PBXFileReference; lastKnownFileType = image.png; path = Placeholder.png; sourceTree = "<group>"; };
		8484C76214CC614C0041573E /* detailTableCell.png */ = {isa = PBXFileReference; lastKnownFileType = image.png; path = detailTableCell.png; sourceTree = "<group>"; };
		8484C76314CC614C0041573E /* detailTableCell@2x.png */ = {isa = PBXFileReference; lastKnownFileType = image.png; path = "detailTableCell@2x.png"; sourceTree = "<group>"; };
		84A3036E14CBCF0400489454 /* backgroundCell.png */ = {isa = PBXFileReference; lastKnownFileType = image.png; path = backgroundCell.png; sourceTree = "<group>"; };
		84A3036F14CBCF0400489454 /* backgroundCell@2x.png */ = {isa = PBXFileReference; lastKnownFileType = image.png; path = "backgroundCell@2x.png"; sourceTree = "<group>"; };
		84A85B3914E5429A0068A51D /* ImageDetailViewController.h */ = {isa = PBXFileReference; fileEncoding = 4; lastKnownFileType = sourcecode.c.h; path = ImageDetailViewController.h; sourceTree = "<group>"; };
		84A85B3A14E5429A0068A51D /* ImageDetailViewController.m */ = {isa = PBXFileReference; fileEncoding = 4; lastKnownFileType = sourcecode.c.objc; path = ImageDetailViewController.m; sourceTree = "<group>"; };
		84A85B3B14E5429B0068A51D /* ImageDetailViewController.xib */ = {isa = PBXFileReference; fileEncoding = 4; lastKnownFileType = file.xib; path = ImageDetailViewController.xib; sourceTree = "<group>"; };
		84A85B3E14E545540068A51D /* CloseButton.png */ = {isa = PBXFileReference; lastKnownFileType = image.png; path = CloseButton.png; sourceTree = "<group>"; };
		84A85B3F14E545540068A51D /* CloseButton@2x.png */ = {isa = PBXFileReference; lastKnownFileType = image.png; path = "CloseButton@2x.png"; sourceTree = "<group>"; };
		84A85B4014E545540068A51D /* DetailPlaceholder.png */ = {isa = PBXFileReference; lastKnownFileType = image.png; path = DetailPlaceholder.png; sourceTree = "<group>"; };
		84A85B4114E545540068A51D /* DetailPlaceholder@2x.png */ = {isa = PBXFileReference; lastKnownFileType = image.png; path = "DetailPlaceholder@2x.png"; sourceTree = "<group>"; };
		84B2275914D03E0E00B5133F /* Table_bottom.png */ = {isa = PBXFileReference; lastKnownFileType = image.png; path = Table_bottom.png; sourceTree = "<group>"; };
		84B2275A14D03E0E00B5133F /* Table_mid.png */ = {isa = PBXFileReference; lastKnownFileType = image.png; path = Table_mid.png; sourceTree = "<group>"; };
		84B2275B14D03E0E00B5133F /* Table_top.png */ = {isa = PBXFileReference; lastKnownFileType = image.png; path = Table_top.png; sourceTree = "<group>"; };
		84C4F06414CA5D9600B9A1BC /* CustomTitleViewController.h */ = {isa = PBXFileReference; fileEncoding = 4; lastKnownFileType = sourcecode.c.h; path = CustomTitleViewController.h; sourceTree = "<group>"; };
		84C4F06514CA5D9600B9A1BC /* CustomTitleViewController.m */ = {isa = PBXFileReference; fileEncoding = 4; lastKnownFileType = sourcecode.c.objc; path = CustomTitleViewController.m; sourceTree = "<group>"; };
		84C5B78114C9919000648B54 /* WebViewController.h */ = {isa = PBXFileReference; fileEncoding = 4; lastKnownFileType = sourcecode.c.h; path = WebViewController.h; sourceTree = "<group>"; };
		84C5B78214C9919000648B54 /* WebViewController.m */ = {isa = PBXFileReference; fileEncoding = 4; lastKnownFileType = sourcecode.c.objc; path = WebViewController.m; sourceTree = "<group>"; };
		84C5B79114C9B9F800648B54 /* titleView.png */ = {isa = PBXFileReference; lastKnownFileType = image.png; path = titleView.png; sourceTree = "<group>"; };
		84C5B79914C9BF5100648B54 /* HomeViewController.h */ = {isa = PBXFileReference; fileEncoding = 4; lastKnownFileType = sourcecode.c.h; path = HomeViewController.h; sourceTree = "<group>"; };
		84C5B79A14C9BF5100648B54 /* HomeViewController.m */ = {isa = PBXFileReference; fileEncoding = 4; lastKnownFileType = sourcecode.c.objc; path = HomeViewController.m; sourceTree = "<group>"; };
		84C5B7A014C9C1DB00648B54 /* titleView@2x.png */ = {isa = PBXFileReference; lastKnownFileType = image.png; path = "titleView@2x.png"; sourceTree = "<group>"; };
		84C5B7A314C9C41800648B54 /* Homepage(2nd).png */ = {isa = PBXFileReference; lastKnownFileType = image.png; path = "Homepage(2nd).png"; sourceTree = "<group>"; };
		84C9FF5414C91F6B0018FFA0 /* Budget Barbie.app */ = {isa = PBXFileReference; explicitFileType = wrapper.application; includeInIndex = 0; path = "Budget Barbie.app"; sourceTree = BUILT_PRODUCTS_DIR; };
		84C9FF5814C91F6B0018FFA0 /* UIKit.framework */ = {isa = PBXFileReference; lastKnownFileType = wrapper.framework; name = UIKit.framework; path = System/Library/Frameworks/UIKit.framework; sourceTree = SDKROOT; };
		84C9FF5A14C91F6B0018FFA0 /* Foundation.framework */ = {isa = PBXFileReference; lastKnownFileType = wrapper.framework; name = Foundation.framework; path = System/Library/Frameworks/Foundation.framework; sourceTree = SDKROOT; };
		84C9FF5C14C91F6B0018FFA0 /* CoreGraphics.framework */ = {isa = PBXFileReference; lastKnownFileType = wrapper.framework; name = CoreGraphics.framework; path = System/Library/Frameworks/CoreGraphics.framework; sourceTree = SDKROOT; };
		84C9FF6014C91F6B0018FFA0 /* Budget Barbie-Info.plist */ = {isa = PBXFileReference; lastKnownFileType = text.plist.xml; path = "Budget Barbie-Info.plist"; sourceTree = "<group>"; };
		84C9FF6214C91F6B0018FFA0 /* en */ = {isa = PBXFileReference; lastKnownFileType = text.plist.strings; name = en; path = en.lproj/InfoPlist.strings; sourceTree = "<group>"; };
		84C9FF6414C91F6B0018FFA0 /* main.m */ = {isa = PBXFileReference; lastKnownFileType = sourcecode.c.objc; path = main.m; sourceTree = "<group>"; };
		84C9FF6614C91F6B0018FFA0 /* Budget Barbie-Prefix.pch */ = {isa = PBXFileReference; lastKnownFileType = sourcecode.c.h; path = "Budget Barbie-Prefix.pch"; sourceTree = "<group>"; };
		84C9FF6714C91F6B0018FFA0 /* AppDelegate.h */ = {isa = PBXFileReference; lastKnownFileType = sourcecode.c.h; path = AppDelegate.h; sourceTree = "<group>"; };
		84C9FF6814C91F6B0018FFA0 /* AppDelegate.m */ = {isa = PBXFileReference; lastKnownFileType = sourcecode.c.objc; path = AppDelegate.m; sourceTree = "<group>"; };
		84C9FF6B14C91F6B0018FFA0 /* en */ = {isa = PBXFileReference; lastKnownFileType = file.storyboard; name = en; path = en.lproj/MainStoryboard.storyboard; sourceTree = "<group>"; };
		84CD9B1114E25F40004EBFE6 /* facebooklikebutton.png */ = {isa = PBXFileReference; lastKnownFileType = image.png; path = facebooklikebutton.png; sourceTree = "<group>"; };
		84CD9B1914E26343004EBFE6 /* glossyButton-disabled.png */ = {isa = PBXFileReference; lastKnownFileType = image.png; path = "glossyButton-disabled.png"; sourceTree = "<group>"; };
		84CD9B1A14E26343004EBFE6 /* glossyButton-highlighted.png */ = {isa = PBXFileReference; lastKnownFileType = image.png; path = "glossyButton-highlighted.png"; sourceTree = "<group>"; };
		84CD9B1B14E26343004EBFE6 /* glossyButton-normal.png */ = {isa = PBXFileReference; lastKnownFileType = image.png; path = "glossyButton-normal.png"; sourceTree = "<group>"; };
		84CD9B2014E27ED3004EBFE6 /* NSString+MD5Addition.h */ = {isa = PBXFileReference; fileEncoding = 4; lastKnownFileType = sourcecode.c.h; path = "NSString+MD5Addition.h"; sourceTree = "<group>"; };
		84CD9B2114E27ED3004EBFE6 /* NSString+MD5Addition.m */ = {isa = PBXFileReference; fileEncoding = 4; lastKnownFileType = sourcecode.c.objc; path = "NSString+MD5Addition.m"; sourceTree = "<group>"; };
		84CD9B2214E27ED3004EBFE6 /* UIDevice+IdentifierAddition.h */ = {isa = PBXFileReference; fileEncoding = 4; lastKnownFileType = sourcecode.c.h; path = "UIDevice+IdentifierAddition.h"; sourceTree = "<group>"; };
		84CD9B2314E27ED3004EBFE6 /* UIDevice+IdentifierAddition.m */ = {isa = PBXFileReference; fileEncoding = 4; lastKnownFileType = sourcecode.c.objc; path = "UIDevice+IdentifierAddition.m"; sourceTree = "<group>"; };
		84CFDDD014DCB88600A831FB /* AFHTTPClient.h */ = {isa = PBXFileReference; fileEncoding = 4; lastKnownFileType = sourcecode.c.h; path = AFHTTPClient.h; sourceTree = "<group>"; };
		84CFDDD114DCB88600A831FB /* AFHTTPClient.m */ = {isa = PBXFileReference; fileEncoding = 4; lastKnownFileType = sourcecode.c.objc; path = AFHTTPClient.m; sourceTree = "<group>"; };
		84CFDDD214DCB88600A831FB /* AFHTTPRequestOperation.h */ = {isa = PBXFileReference; fileEncoding = 4; lastKnownFileType = sourcecode.c.h; path = AFHTTPRequestOperation.h; sourceTree = "<group>"; };
		84CFDDD314DCB88600A831FB /* AFHTTPRequestOperation.m */ = {isa = PBXFileReference; fileEncoding = 4; lastKnownFileType = sourcecode.c.objc; path = AFHTTPRequestOperation.m; sourceTree = "<group>"; };
		84CFDDD414DCB88600A831FB /* AFImageRequestOperation.h */ = {isa = PBXFileReference; fileEncoding = 4; lastKnownFileType = sourcecode.c.h; path = AFImageRequestOperation.h; sourceTree = "<group>"; };
		84CFDDD514DCB88600A831FB /* AFImageRequestOperation.m */ = {isa = PBXFileReference; fileEncoding = 4; lastKnownFileType = sourcecode.c.objc; path = AFImageRequestOperation.m; sourceTree = "<group>"; };
		84CFDDD614DCB88600A831FB /* AFJSONRequestOperation.h */ = {isa = PBXFileReference; fileEncoding = 4; lastKnownFileType = sourcecode.c.h; path = AFJSONRequestOperation.h; sourceTree = "<group>"; };
		84CFDDD714DCB88600A831FB /* AFJSONRequestOperation.m */ = {isa = PBXFileReference; fileEncoding = 4; lastKnownFileType = sourcecode.c.objc; path = AFJSONRequestOperation.m; sourceTree = "<group>"; };
		84CFDDD814DCB88600A831FB /* AFJSONUtilities.h */ = {isa = PBXFileReference; fileEncoding = 4; lastKnownFileType = sourcecode.c.h; path = AFJSONUtilities.h; sourceTree = "<group>"; };
		84CFDDD914DCB88600A831FB /* AFJSONUtilities.m */ = {isa = PBXFileReference; fileEncoding = 4; lastKnownFileType = sourcecode.c.objc; path = AFJSONUtilities.m; sourceTree = "<group>"; };
		84CFDDDA14DCB88600A831FB /* AFNetworkActivityIndicatorManager.h */ = {isa = PBXFileReference; fileEncoding = 4; lastKnownFileType = sourcecode.c.h; path = AFNetworkActivityIndicatorManager.h; sourceTree = "<group>"; };
		84CFDDDB14DCB88600A831FB /* AFNetworkActivityIndicatorManager.m */ = {isa = PBXFileReference; fileEncoding = 4; lastKnownFileType = sourcecode.c.objc; path = AFNetworkActivityIndicatorManager.m; sourceTree = "<group>"; };
		84CFDDDC14DCB88600A831FB /* AFNetworking.h */ = {isa = PBXFileReference; fileEncoding = 4; lastKnownFileType = sourcecode.c.h; path = AFNetworking.h; sourceTree = "<group>"; };
		84CFDDDD14DCB88600A831FB /* AFPropertyListRequestOperation.h */ = {isa = PBXFileReference; fileEncoding = 4; lastKnownFileType = sourcecode.c.h; path = AFPropertyListRequestOperation.h; sourceTree = "<group>"; };
		84CFDDDE14DCB88600A831FB /* AFPropertyListRequestOperation.m */ = {isa = PBXFileReference; fileEncoding = 4; lastKnownFileType = sourcecode.c.objc; path = AFPropertyListRequestOperation.m; sourceTree = "<group>"; };
		84CFDDDF14DCB88600A831FB /* AFURLConnectionOperation.h */ = {isa = PBXFileReference; fileEncoding = 4; lastKnownFileType = sourcecode.c.h; path = AFURLConnectionOperation.h; sourceTree = "<group>"; };
		84CFDDE014DCB88600A831FB /* AFURLConnectionOperation.m */ = {isa = PBXFileReference; fileEncoding = 4; lastKnownFileType = sourcecode.c.objc; path = AFURLConnectionOperation.m; sourceTree = "<group>"; };
		84CFDDE114DCB88600A831FB /* AFXMLRequestOperation.h */ = {isa = PBXFileReference; fileEncoding = 4; lastKnownFileType = sourcecode.c.h; path = AFXMLRequestOperation.h; sourceTree = "<group>"; };
		84CFDDE214DCB88600A831FB /* AFXMLRequestOperation.m */ = {isa = PBXFileReference; fileEncoding = 4; lastKnownFileType = sourcecode.c.objc; path = AFXMLRequestOperation.m; sourceTree = "<group>"; };
		84CFDDE314DCB88600A831FB /* UIImageView+AFNetworking.h */ = {isa = PBXFileReference; fileEncoding = 4; lastKnownFileType = sourcecode.c.h; path = "UIImageView+AFNetworking.h"; sourceTree = "<group>"; };
		84CFDDE414DCB88600A831FB /* UIImageView+AFNetworking.m */ = {isa = PBXFileReference; fileEncoding = 4; lastKnownFileType = sourcecode.c.objc; path = "UIImageView+AFNetworking.m"; sourceTree = "<group>"; };
		84D508DB14E1556C0053727A /* startingSound.wav */ = {isa = PBXFileReference; lastKnownFileType = audio.wav; path = startingSound.wav; sourceTree = "<group>"; };
		84D95C1914DEC307000D535D /* Place.h */ = {isa = PBXFileReference; fileEncoding = 4; lastKnownFileType = sourcecode.c.h; path = Place.h; sourceTree = "<group>"; };
		84D95C1A14DEC307000D535D /* Place.m */ = {isa = PBXFileReference; fileEncoding = 4; lastKnownFileType = sourcecode.c.objc; path = Place.m; sourceTree = "<group>"; };
		84E0653D14CEC39800B28270 /* present.png */ = {isa = PBXFileReference; lastKnownFileType = image.png; path = present.png; sourceTree = "<group>"; };
		84E0654014CEC78F00B28270 /* GiveawayViewController.h */ = {isa = PBXFileReference; fileEncoding = 4; lastKnownFileType = sourcecode.c.h; path = GiveawayViewController.h; sourceTree = "<group>"; };
		84E0654114CEC78F00B28270 /* GiveawayViewController.m */ = {isa = PBXFileReference; fileEncoding = 4; lastKnownFileType = sourcecode.c.objc; path = GiveawayViewController.m; sourceTree = "<group>"; };
		84E0654314CECAB000B28270 /* present-nav.png */ = {isa = PBXFileReference; lastKnownFileType = image.png; path = "present-nav.png"; sourceTree = "<group>"; };
		84E0654414CECAB000B28270 /* present-nav@2x.png */ = {isa = PBXFileReference; lastKnownFileType = image.png; path = "present-nav@2x.png"; sourceTree = "<group>"; };
		84E971DE14E5484F0011D7E2 /* GradientView.h */ = {isa = PBXFileReference; fileEncoding = 4; lastKnownFileType = sourcecode.c.h; path = GradientView.h; sourceTree = "<group>"; };
		84E971DF14E5484F0011D7E2 /* GradientView.m */ = {isa = PBXFileReference; fileEncoding = 4; lastKnownFileType = sourcecode.c.objc; path = GradientView.m; sourceTree = "<group>"; };
		84EE42A814E029F000F18806 /* Winner.h */ = {isa = PBXFileReference; fileEncoding = 4; lastKnownFileType = sourcecode.c.h; path = Winner.h; sourceTree = "<group>"; };
		84EE42A914E029F000F18806 /* Winner.m */ = {isa = PBXFileReference; fileEncoding = 4; lastKnownFileType = sourcecode.c.objc; path = Winner.m; sourceTree = "<group>"; };
		84EE42AC14E02B0A00F18806 /* GiveawayItem.h */ = {isa = PBXFileReference; fileEncoding = 4; lastKnownFileType = sourcecode.c.h; path = GiveawayItem.h; sourceTree = "<group>"; };
		84EE42AD14E02B0A00F18806 /* GiveawayItem.m */ = {isa = PBXFileReference; fileEncoding = 4; lastKnownFileType = sourcecode.c.objc; path = GiveawayItem.m; sourceTree = "<group>"; };
		84F33A3714CA545900293981 /* bluebutton.png */ = {isa = PBXFileReference; lastKnownFileType = image.png; path = bluebutton.png; sourceTree = "<group>"; };
		84F33A3814CA545900293981 /* redbutton.png */ = {isa = PBXFileReference; lastKnownFileType = image.png; path = redbutton.png; sourceTree = "<group>"; };
		84FFAD3E14D6949F00714B36 /* Icon.png */ = {isa = PBXFileReference; lastKnownFileType = image.png; name = Icon.png; path = ../Icon.png; sourceTree = "<group>"; };
		84FFAD4014D694E900714B36 /* Icon@2x.png */ = {isa = PBXFileReference; lastKnownFileType = image.png; name = "Icon@2x.png"; path = "../Icon@2x.png"; sourceTree = "<group>"; };
		84FFAD4714D69EA400714B36 /* giveawayCell.png */ = {isa = PBXFileReference; lastKnownFileType = image.png; path = giveawayCell.png; sourceTree = "<group>"; };
/* End PBXFileReference section */

/* Begin PBXFrameworksBuildPhase section */
		84C9FF5114C91F6B0018FFA0 /* Frameworks */ = {
			isa = PBXFrameworksBuildPhase;
			buildActionMask = 2147483647;
			files = (
				3201088596B4756681693705 /* libThree20UICommon.a in Frameworks */,
				320D7DCCE32703ACAB9A45E5 /* libThree20.a in Frameworks */,
				320A737074758E53BA54BE95 /* libThree20UINavigator.a in Frameworks */,
				320A2827FEC940B25BC42C65 /* libThree20Core.a in Frameworks */,
				320F2C48872C2E2C4DF86205 /* libThree20UI.a in Frameworks */,
				320AF8492C47A4D819F7C451 /* QuartzCore.framework in Frameworks */,
				320A5A189C235877202780D5 /* libThree20Network.a in Frameworks */,
				320CC833B8AF0ACFD35E6225 /* libThree20Style.a in Frameworks */,
				8474012714CE4B8F0091278C /* AudioToolbox.framework in Frameworks */,
				842510BD14C92AFD007CE27F /* QuartzCore.framework in Frameworks */,
				842510AF14C922ED007CE27F /* Security.framework in Frameworks */,
				84C9FF5914C91F6B0018FFA0 /* UIKit.framework in Frameworks */,
				84C9FF5B14C91F6B0018FFA0 /* Foundation.framework in Frameworks */,
				84C9FF5D14C91F6B0018FFA0 /* CoreGraphics.framework in Frameworks */,
			);
			runOnlyForDeploymentPostprocessing = 0;
		};
/* End PBXFrameworksBuildPhase section */

/* Begin PBXGroup section */
		3201088596B4756681693703 /* Products */ = {
			isa = PBXGroup;
			children = (
				3201088596B4756681693704 /* libThree20UICommon.a */,
				84C470E614E416EC0055FF04 /* UICommonUnitTests.octest */,
			);
			name = Products;
			sourceTree = "<group>";
		};
		320A2827FEC940B25BC42C63 /* Products */ = {
			isa = PBXGroup;
			children = (
				320A2827FEC940B25BC42C64 /* libThree20Core.a */,
				84C470DA14E416EC0055FF04 /* CoreUnitTests.octest */,
			);
			name = Products;
			sourceTree = "<group>";
		};
		320A5A189C235877202780D3 /* Products */ = {
			isa = PBXGroup;
			children = (
				320A5A189C235877202780D4 /* libThree20Network.a */,
				84C470DD14E416EC0055FF04 /* NetworkUnitTests.octest */,
			);
			name = Products;
			sourceTree = "<group>";
		};
		320A737074758E53BA54BE93 /* Products */ = {
			isa = PBXGroup;
			children = (
				320A737074758E53BA54BE94 /* libThree20UINavigator.a */,
				84C470E914E416EC0055FF04 /* UINavigatorUnitTests.octest */,
			);
			name = Products;
			sourceTree = "<group>";
		};
		320CC833B8AF0ACFD35E6223 /* Products */ = {
			isa = PBXGroup;
			children = (
				320CC833B8AF0ACFD35E6224 /* libThree20Style.a */,
				84C470E014E416EC0055FF04 /* StyleUnitTests.octest */,
			);
			name = Products;
			sourceTree = "<group>";
		};
		320D7DCCE32703ACAB9A45E3 /* Products */ = {
			isa = PBXGroup;
			children = (
				320D7DCCE32703ACAB9A45E4 /* libThree20.a */,
				84C470D714E416EC0055FF04 /* Three20UnitTests.octest */,
			);
			name = Products;
			sourceTree = "<group>";
		};
		320F2C48872C2E2C4DF86203 /* Products */ = {
			isa = PBXGroup;
			children = (
				320F2C48872C2E2C4DF86204 /* libThree20UI.a */,
				84C470E314E416EC0055FF04 /* UIUnitTests.octest */,
			);
			name = Products;
			sourceTree = "<group>";
		};
		842510BF14C92B64007CE27F /* CIDoorwaySegue */ = {
			isa = PBXGroup;
			children = (
				842510C014C92B74007CE27F /* CIDoorwaySegue.h */,
				842510C114C92B74007CE27F /* CIDoorwaySegue.m */,
			);
			name = CIDoorwaySegue;
			sourceTree = "<group>";
		};
		842510C914C9456E007CE27F /* Images */ = {
			isa = PBXGroup;
			children = (
				84A85B3E14E545540068A51D /* CloseButton.png */,
				84A85B3F14E545540068A51D /* CloseButton@2x.png */,
				84A85B4014E545540068A51D /* DetailPlaceholder.png */,
				84A85B4114E545540068A51D /* DetailPlaceholder@2x.png */,
				84CD9B1914E26343004EBFE6 /* glossyButton-disabled.png */,
				84CD9B1A14E26343004EBFE6 /* glossyButton-highlighted.png */,
				84CD9B1B14E26343004EBFE6 /* glossyButton-normal.png */,
				84CD9B1114E25F40004EBFE6 /* facebooklikebutton.png */,
				84FFAD4714D69EA400714B36 /* giveawayCell.png */,
				84B2275914D03E0E00B5133F /* Table_bottom.png */,
				84B2275A14D03E0E00B5133F /* Table_mid.png */,
				84B2275B14D03E0E00B5133F /* Table_top.png */,
				8484C76214CC614C0041573E /* detailTableCell.png */,
				8484C76314CC614C0041573E /* detailTableCell@2x.png */,
				84A3036E14CBCF0400489454 /* backgroundCell.png */,
				84A3036F14CBCF0400489454 /* backgroundCell@2x.png */,
				8484381914CB1F9700C40A1B /* Placeholder.png */,
				846BA9CD14CBF2CB009704F2 /* back-arrow.png */,
				846BA9CE14CBF2CB009704F2 /* back-arrow@2x.png */,
				846BA9CF14CBF2CB009704F2 /* forward-arrow.png */,
				846BA9D014CBF2CB009704F2 /* forward-arrow@2x.png */,
				84C5B79114C9B9F800648B54 /* titleView.png */,
				84C5B7A014C9C1DB00648B54 /* titleView@2x.png */,
				842510CE14C95916007CE27F /* enterButton.png */,
				842510E314C96A82007CE27F /* ThisWeekUpdate.png */,
				842510CA14C9456E007CE27F /* Homepage_bg.png */,
				84C5B7A314C9C41800648B54 /* Homepage(2nd).png */,
				8438021714CA60CC00F54BBC /* button_back_textured_24.png */,
				8438021814CA60CC00F54BBC /* button_back_textured_30.png */,
				8438021914CA60CC00F54BBC /* button_textured_24.png */,
				8438021A14CA60CC00F54BBC /* button_textured_30.png */,
				84F33A3714CA545900293981 /* bluebutton.png */,
				847387BE14CA92F400D88614 /* greenbutton.png */,
				84F33A3814CA545900293981 /* redbutton.png */,
				84E0653D14CEC39800B28270 /* present.png */,
				84E0654314CECAB000B28270 /* present-nav.png */,
				84E0654414CECAB000B28270 /* present-nav@2x.png */,
				848437E814CB010D00C40A1B /* yellowbutton.png */,
				8458F3E714CA93BF00C5D2A0 /* bluebutton@2x.png */,
				8458F3E814CA93BF00C5D2A0 /* greenbutton@2x.png */,
				8458F3E914CA93BF00C5D2A0 /* redbutton@2x.png */,
				848437E914CB010D00C40A1B /* yellowbutton@2x.png */,
			);
			path = Images;
			sourceTree = "<group>";
		};
		842510D514C96137007CE27F /* MBProgress */ = {
			isa = PBXGroup;
			children = (
				842510D614C96137007CE27F /* MBProgressHUD.h */,
				842510D714C96137007CE27F /* MBProgressHUD.m */,
			);
			path = MBProgress;
			sourceTree = "<group>";
		};
		848437FF14CB1DA100C40A1B /* SDWebImage */ = {
			isa = PBXGroup;
			children = (
				8484380014CB1DA100C40A1B /* SDImageCache.h */,
				8484380114CB1DA100C40A1B /* SDImageCache.m */,
				8484380214CB1DA100C40A1B /* SDImageCacheDelegate.h */,
				8484380314CB1DA100C40A1B /* SDWebImageCompat.h */,
				8484380414CB1DA100C40A1B /* SDWebImageDecoder.h */,
				8484380514CB1DA100C40A1B /* SDWebImageDecoder.m */,
				8484380614CB1DA100C40A1B /* SDWebImageDownloader.h */,
				8484380714CB1DA100C40A1B /* SDWebImageDownloader.m */,
				8484380814CB1DA100C40A1B /* SDWebImageDownloaderDelegate.h */,
				8484380914CB1DA100C40A1B /* SDWebImageManager.h */,
				8484380A14CB1DA100C40A1B /* SDWebImageManager.m */,
				8484380B14CB1DA100C40A1B /* SDWebImageManagerDelegate.h */,
				8484380C14CB1DA100C40A1B /* SDWebImagePrefetcher.h */,
				8484380D14CB1DA100C40A1B /* SDWebImagePrefetcher.m */,
				8484380E14CB1DA100C40A1B /* UIButton+WebCache.h */,
				8484380F14CB1DA100C40A1B /* UIButton+WebCache.m */,
				8484381014CB1DA100C40A1B /* UIImageView+WebCache.h */,
				8484381114CB1DA100C40A1B /* UIImageView+WebCache.m */,
			);
			path = SDWebImage;
			sourceTree = "<group>";
		};
		84C9FF4914C91F6B0018FFA0 = {
			isa = PBXGroup;
			children = (
				84C9FF5E14C91F6B0018FFA0 /* Budget Barbie */,
				84C9FF5714C91F6B0018FFA0 /* Frameworks */,
				84C9FF5514C91F6B0018FFA0 /* Products */,
			);
			sourceTree = "<group>";
		};
		84C9FF5514C91F6B0018FFA0 /* Products */ = {
			isa = PBXGroup;
			children = (
				84C9FF5414C91F6B0018FFA0 /* Budget Barbie.app */,
			);
			name = Products;
			sourceTree = "<group>";
		};
		84C9FF5714C91F6B0018FFA0 /* Frameworks */ = {
			isa = PBXGroup;
			children = (
				3201088596B4756681693700 /* Three20UICommon.xcodeproj */,
				320D7DCCE32703ACAB9A45E0 /* Three20.xcodeproj */,
				320A737074758E53BA54BE90 /* Three20UINavigator.xcodeproj */,
				320A2827FEC940B25BC42C60 /* Three20Core.xcodeproj */,
				320F2C48872C2E2C4DF86200 /* Three20UI.xcodeproj */,
				320AF8492C47A4D819F7C450 /* QuartzCore.framework */,
				320A5A189C235877202780D0 /* Three20Network.xcodeproj */,
				320CC833B8AF0ACFD35E6220 /* Three20Style.xcodeproj */,
				8474012614CE4B8F0091278C /* AudioToolbox.framework */,
				842510BC14C92AFD007CE27F /* QuartzCore.framework */,
				842510AE14C922EC007CE27F /* Security.framework */,
				84C9FF5814C91F6B0018FFA0 /* UIKit.framework */,
				84C9FF5A14C91F6B0018FFA0 /* Foundation.framework */,
				84C9FF5C14C91F6B0018FFA0 /* CoreGraphics.framework */,
			);
			name = Frameworks;
			sourceTree = "<group>";
		};
		84C9FF5E14C91F6B0018FFA0 /* Budget Barbie */ = {
			isa = PBXGroup;
			children = (
				84CD9B1F14E27ED3004EBFE6 /* UIDevice-with-UniqueIdentifier */,
				84CFDDCF14DCB88600A831FB /* AFNetworking */,
				848437FF14CB1DA100C40A1B /* SDWebImage */,
				842510D514C96137007CE27F /* MBProgress */,
				842510C914C9456E007CE27F /* Images */,
				842510BF14C92B64007CE27F /* CIDoorwaySegue */,
				84D6689C14E40A91009FCD92 /* Objects */,
				84C9FF6714C91F6B0018FFA0 /* AppDelegate.h */,
				84C9FF6814C91F6B0018FFA0 /* AppDelegate.m */,
				84677F6614E37C340037A2AD /* MyConstants.h */,
				84677F6714E37C340037A2AD /* MyConstants.m */,
				84C4F06414CA5D9600B9A1BC /* CustomTitleViewController.h */,
				84C4F06514CA5D9600B9A1BC /* CustomTitleViewController.m */,
				848437F114CB022500C40A1B /* UIView+Animation.h */,
				848437F214CB022600C40A1B /* UIView+Animation.m */,
				84C5B79914C9BF5100648B54 /* HomeViewController.h */,
				84C5B79A14C9BF5100648B54 /* HomeViewController.m */,
				848437F814CB163300C40A1B /* ListTableViewController.h */,
				848437F914CB163300C40A1B /* ListTableViewController.m */,
				846BA9D614CC0390009704F2 /* DetailViewController.h */,
				846BA9D714CC0390009704F2 /* DetailViewController.m */,
				84E971DE14E5484F0011D7E2 /* GradientView.h */,
				84E971DF14E5484F0011D7E2 /* GradientView.m */,
				84A85B3914E5429A0068A51D /* ImageDetailViewController.h */,
				84A85B3A14E5429A0068A51D /* ImageDetailViewController.m */,
				84A85B3B14E5429B0068A51D /* ImageDetailViewController.xib */,
				84C9FF6A14C91F6B0018FFA0 /* MainStoryboard.storyboard */,
				84E0654014CEC78F00B28270 /* GiveawayViewController.h */,
				84E0654114CEC78F00B28270 /* GiveawayViewController.m */,
				84C5B78114C9919000648B54 /* WebViewController.h */,
				84C5B78214C9919000648B54 /* WebViewController.m */,
				842510C314C92D0C007CE27F /* StartUpViewController.h */,
				842510C414C92D0C007CE27F /* StartUpViewController.m */,
				84C9FF5F14C91F6B0018FFA0 /* Supporting Files */,
			);
			path = "Budget Barbie";
			sourceTree = "<group>";
		};
		84C9FF5F14C91F6B0018FFA0 /* Supporting Files */ = {
			isa = PBXGroup;
			children = (
				320B6C86F11D9990244A9730 /* Three20.bundle */,
				84FFAD4014D694E900714B36 /* Icon@2x.png */,
				84FFAD3E14D6949F00714B36 /* Icon.png */,
				84C9FF6014C91F6B0018FFA0 /* Budget Barbie-Info.plist */,
				84C9FF6114C91F6B0018FFA0 /* InfoPlist.strings */,
				84C9FF6414C91F6B0018FFA0 /* main.m */,
				84C9FF6614C91F6B0018FFA0 /* Budget Barbie-Prefix.pch */,
				84D508DB14E1556C0053727A /* startingSound.wav */,
				8474012B14CE51B00091278C /* 92909__robinhood76__01526-swoosh-2.wav */,
			);
			name = "Supporting Files";
			sourceTree = "<group>";
		};
		84CD9B1F14E27ED3004EBFE6 /* UIDevice-with-UniqueIdentifier */ = {
			isa = PBXGroup;
			children = (
				84CD9B2014E27ED3004EBFE6 /* NSString+MD5Addition.h */,
				84CD9B2114E27ED3004EBFE6 /* NSString+MD5Addition.m */,
				84CD9B2214E27ED3004EBFE6 /* UIDevice+IdentifierAddition.h */,
				84CD9B2314E27ED3004EBFE6 /* UIDevice+IdentifierAddition.m */,
			);
			name = "UIDevice-with-UniqueIdentifier";
			path = Classes;
			sourceTree = "<group>";
		};
		84CFDDCF14DCB88600A831FB /* AFNetworking */ = {
			isa = PBXGroup;
			children = (
				84CFDDD014DCB88600A831FB /* AFHTTPClient.h */,
				84CFDDD114DCB88600A831FB /* AFHTTPClient.m */,
				84CFDDD214DCB88600A831FB /* AFHTTPRequestOperation.h */,
				84CFDDD314DCB88600A831FB /* AFHTTPRequestOperation.m */,
				84CFDDD414DCB88600A831FB /* AFImageRequestOperation.h */,
				84CFDDD514DCB88600A831FB /* AFImageRequestOperation.m */,
				84CFDDD614DCB88600A831FB /* AFJSONRequestOperation.h */,
				84CFDDD714DCB88600A831FB /* AFJSONRequestOperation.m */,
				84CFDDD814DCB88600A831FB /* AFJSONUtilities.h */,
				84CFDDD914DCB88600A831FB /* AFJSONUtilities.m */,
				84CFDDDA14DCB88600A831FB /* AFNetworkActivityIndicatorManager.h */,
				84CFDDDB14DCB88600A831FB /* AFNetworkActivityIndicatorManager.m */,
				84CFDDDC14DCB88600A831FB /* AFNetworking.h */,
				84CFDDDD14DCB88600A831FB /* AFPropertyListRequestOperation.h */,
				84CFDDDE14DCB88600A831FB /* AFPropertyListRequestOperation.m */,
				84CFDDDF14DCB88600A831FB /* AFURLConnectionOperation.h */,
				84CFDDE014DCB88600A831FB /* AFURLConnectionOperation.m */,
				84CFDDE114DCB88600A831FB /* AFXMLRequestOperation.h */,
				84CFDDE214DCB88600A831FB /* AFXMLRequestOperation.m */,
				84CFDDE314DCB88600A831FB /* UIImageView+AFNetworking.h */,
				84CFDDE414DCB88600A831FB /* UIImageView+AFNetworking.m */,
			);
			path = AFNetworking;
			sourceTree = "<group>";
		};
		84D6689C14E40A91009FCD92 /* Objects */ = {
			isa = PBXGroup;
			children = (
				84D95C1914DEC307000D535D /* Place.h */,
				84D95C1A14DEC307000D535D /* Place.m */,
				8438CCB314DFDEBD00594332 /* ItemBought.h */,
				8438CCB414DFDEBD00594332 /* ItemBought.m */,
				84EE42AC14E02B0A00F18806 /* GiveawayItem.h */,
				84EE42AD14E02B0A00F18806 /* GiveawayItem.m */,
				84EE42A814E029F000F18806 /* Winner.h */,
				84EE42A914E029F000F18806 /* Winner.m */,
			);
			name = Objects;
			sourceTree = "<group>";
		};
/* End PBXGroup section */

/* Begin PBXNativeTarget section */
		84C9FF5314C91F6B0018FFA0 /* Budget Barbie */ = {
			isa = PBXNativeTarget;
			buildConfigurationList = 84C9FF7214C91F6B0018FFA0 /* Build configuration list for PBXNativeTarget "Budget Barbie" */;
			buildPhases = (
				84C9FF5014C91F6B0018FFA0 /* Sources */,
				84C9FF5114C91F6B0018FFA0 /* Frameworks */,
				84C9FF5214C91F6B0018FFA0 /* Resources */,
			);
			buildRules = (
			);
			dependencies = (
				3201088596B4756681693701 /* PBXTargetDependency */,
				320D7DCCE32703ACAB9A45E1 /* PBXTargetDependency */,
				320A737074758E53BA54BE91 /* PBXTargetDependency */,
				320A2827FEC940B25BC42C61 /* PBXTargetDependency */,
				320F2C48872C2E2C4DF86201 /* PBXTargetDependency */,
				320A5A189C235877202780D1 /* PBXTargetDependency */,
				320CC833B8AF0ACFD35E6221 /* PBXTargetDependency */,
			);
			name = "Budget Barbie";
			productName = "Budget Barbie";
			productReference = 84C9FF5414C91F6B0018FFA0 /* Budget Barbie.app */;
			productType = "com.apple.product-type.application";
		};
/* End PBXNativeTarget section */

/* Begin PBXProject section */
		84C9FF4B14C91F6B0018FFA0 /* Project object */ = {
			isa = PBXProject;
			attributes = {
				LastUpgradeCheck = 0420;
				ORGANIZATIONNAME = Cellcity;
			};
			buildConfigurationList = 84C9FF4E14C91F6B0018FFA0 /* Build configuration list for PBXProject "Budget Barbie" */;
			compatibilityVersion = "Xcode 3.2";
			developmentRegion = English;
			hasScannedForEncodings = 0;
			knownRegions = (
				en,
			);
			mainGroup = 84C9FF4914C91F6B0018FFA0;
			productRefGroup = 84C9FF5514C91F6B0018FFA0 /* Products */;
			projectDirPath = "";
			projectReferences = (
				{
					ProductGroup = 320D7DCCE32703ACAB9A45E3 /* Products */;
					ProjectRef = 320D7DCCE32703ACAB9A45E0 /* Three20.xcodeproj */;
				},
				{
					ProductGroup = 320A2827FEC940B25BC42C63 /* Products */;
					ProjectRef = 320A2827FEC940B25BC42C60 /* Three20Core.xcodeproj */;
				},
				{
					ProductGroup = 320A5A189C235877202780D3 /* Products */;
					ProjectRef = 320A5A189C235877202780D0 /* Three20Network.xcodeproj */;
				},
				{
					ProductGroup = 320CC833B8AF0ACFD35E6223 /* Products */;
					ProjectRef = 320CC833B8AF0ACFD35E6220 /* Three20Style.xcodeproj */;
				},
				{
					ProductGroup = 320F2C48872C2E2C4DF86203 /* Products */;
					ProjectRef = 320F2C48872C2E2C4DF86200 /* Three20UI.xcodeproj */;
				},
				{
					ProductGroup = 3201088596B4756681693703 /* Products */;
					ProjectRef = 3201088596B4756681693700 /* Three20UICommon.xcodeproj */;
				},
				{
					ProductGroup = 320A737074758E53BA54BE93 /* Products */;
					ProjectRef = 320A737074758E53BA54BE90 /* Three20UINavigator.xcodeproj */;
				},
			);
			projectRoot = "";
			targets = (
				84C9FF5314C91F6B0018FFA0 /* Budget Barbie */,
			);
		};
/* End PBXProject section */

/* Begin PBXReferenceProxy section */
		3201088596B4756681693704 /* libThree20UICommon.a */ = {
			isa = PBXReferenceProxy;
			fileType = archive.ar;
			path = libThree20UICommon.a;
			remoteRef = 3201088596B4756681693706 /* PBXContainerItemProxy */;
			sourceTree = BUILT_PRODUCTS_DIR;
		};
		320A2827FEC940B25BC42C64 /* libThree20Core.a */ = {
			isa = PBXReferenceProxy;
			fileType = archive.ar;
			path = libThree20Core.a;
			remoteRef = 320A2827FEC940B25BC42C66 /* PBXContainerItemProxy */;
			sourceTree = BUILT_PRODUCTS_DIR;
		};
		320A5A189C235877202780D4 /* libThree20Network.a */ = {
			isa = PBXReferenceProxy;
			fileType = archive.ar;
			path = libThree20Network.a;
			remoteRef = 320A5A189C235877202780D6 /* PBXContainerItemProxy */;
			sourceTree = BUILT_PRODUCTS_DIR;
		};
		320A737074758E53BA54BE94 /* libThree20UINavigator.a */ = {
			isa = PBXReferenceProxy;
			fileType = archive.ar;
			path = libThree20UINavigator.a;
			remoteRef = 320A737074758E53BA54BE96 /* PBXContainerItemProxy */;
			sourceTree = BUILT_PRODUCTS_DIR;
		};
		320CC833B8AF0ACFD35E6224 /* libThree20Style.a */ = {
			isa = PBXReferenceProxy;
			fileType = archive.ar;
			path = libThree20Style.a;
			remoteRef = 320CC833B8AF0ACFD35E6226 /* PBXContainerItemProxy */;
			sourceTree = BUILT_PRODUCTS_DIR;
		};
		320D7DCCE32703ACAB9A45E4 /* libThree20.a */ = {
			isa = PBXReferenceProxy;
			fileType = archive.ar;
			path = libThree20.a;
			remoteRef = 320D7DCCE32703ACAB9A45E6 /* PBXContainerItemProxy */;
			sourceTree = BUILT_PRODUCTS_DIR;
		};
		320F2C48872C2E2C4DF86204 /* libThree20UI.a */ = {
			isa = PBXReferenceProxy;
			fileType = archive.ar;
			path = libThree20UI.a;
			remoteRef = 320F2C48872C2E2C4DF86206 /* PBXContainerItemProxy */;
			sourceTree = BUILT_PRODUCTS_DIR;
		};
		84C470D714E416EC0055FF04 /* Three20UnitTests.octest */ = {
			isa = PBXReferenceProxy;
			fileType = wrapper.cfbundle;
			path = Three20UnitTests.octest;
			remoteRef = 84C470D614E416EC0055FF04 /* PBXContainerItemProxy */;
			sourceTree = BUILT_PRODUCTS_DIR;
		};
		84C470DA14E416EC0055FF04 /* CoreUnitTests.octest */ = {
			isa = PBXReferenceProxy;
			fileType = wrapper.cfbundle;
			path = CoreUnitTests.octest;
			remoteRef = 84C470D914E416EC0055FF04 /* PBXContainerItemProxy */;
			sourceTree = BUILT_PRODUCTS_DIR;
		};
		84C470DD14E416EC0055FF04 /* NetworkUnitTests.octest */ = {
			isa = PBXReferenceProxy;
			fileType = wrapper.cfbundle;
			path = NetworkUnitTests.octest;
			remoteRef = 84C470DC14E416EC0055FF04 /* PBXContainerItemProxy */;
			sourceTree = BUILT_PRODUCTS_DIR;
		};
		84C470E014E416EC0055FF04 /* StyleUnitTests.octest */ = {
			isa = PBXReferenceProxy;
			fileType = wrapper.cfbundle;
			path = StyleUnitTests.octest;
			remoteRef = 84C470DF14E416EC0055FF04 /* PBXContainerItemProxy */;
			sourceTree = BUILT_PRODUCTS_DIR;
		};
		84C470E314E416EC0055FF04 /* UIUnitTests.octest */ = {
			isa = PBXReferenceProxy;
			fileType = wrapper.cfbundle;
			path = UIUnitTests.octest;
			remoteRef = 84C470E214E416EC0055FF04 /* PBXContainerItemProxy */;
			sourceTree = BUILT_PRODUCTS_DIR;
		};
		84C470E614E416EC0055FF04 /* UICommonUnitTests.octest */ = {
			isa = PBXReferenceProxy;
			fileType = wrapper.cfbundle;
			path = UICommonUnitTests.octest;
			remoteRef = 84C470E514E416EC0055FF04 /* PBXContainerItemProxy */;
			sourceTree = BUILT_PRODUCTS_DIR;
		};
		84C470E914E416EC0055FF04 /* UINavigatorUnitTests.octest */ = {
			isa = PBXReferenceProxy;
			fileType = wrapper.cfbundle;
			path = UINavigatorUnitTests.octest;
			remoteRef = 84C470E814E416EC0055FF04 /* PBXContainerItemProxy */;
			sourceTree = BUILT_PRODUCTS_DIR;
		};
/* End PBXReferenceProxy section */

/* Begin PBXResourcesBuildPhase section */
		84C9FF5214C91F6B0018FFA0 /* Resources */ = {
			isa = PBXResourcesBuildPhase;
			buildActionMask = 2147483647;
			files = (
				320B6C86F11D9990244A9731 /* Three20.bundle in Resources */,
				84C9FF6314C91F6B0018FFA0 /* InfoPlist.strings in Resources */,
				84C9FF6C14C91F6B0018FFA0 /* MainStoryboard.storyboard in Resources */,
				842510CB14C9456E007CE27F /* Homepage_bg.png in Resources */,
				842510CF14C95916007CE27F /* enterButton.png in Resources */,
				842510E414C96A82007CE27F /* ThisWeekUpdate.png in Resources */,
				84C5B79214C9B9F800648B54 /* titleView.png in Resources */,
				84C5B7A114C9C1DB00648B54 /* titleView@2x.png in Resources */,
				84C5B7A414C9C41800648B54 /* Homepage(2nd).png in Resources */,
				84F33A3914CA545900293981 /* bluebutton.png in Resources */,
				84F33A3A14CA545900293981 /* redbutton.png in Resources */,
				8438021B14CA60CC00F54BBC /* button_back_textured_24.png in Resources */,
				8438021C14CA60CC00F54BBC /* button_back_textured_30.png in Resources */,
				8438021D14CA60CC00F54BBC /* button_textured_24.png in Resources */,
				8438021E14CA60CC00F54BBC /* button_textured_30.png in Resources */,
				847387BF14CA92F400D88614 /* greenbutton.png in Resources */,
				8458F3EA14CA93BF00C5D2A0 /* bluebutton@2x.png in Resources */,
				8458F3EB14CA93BF00C5D2A0 /* greenbutton@2x.png in Resources */,
				8458F3EC14CA93BF00C5D2A0 /* redbutton@2x.png in Resources */,
				848437EA14CB010D00C40A1B /* yellowbutton.png in Resources */,
				848437EB14CB010D00C40A1B /* yellowbutton@2x.png in Resources */,
				8484381A14CB1F9700C40A1B /* Placeholder.png in Resources */,
				84A3037014CBCF0400489454 /* backgroundCell.png in Resources */,
				84A3037114CBCF0400489454 /* backgroundCell@2x.png in Resources */,
				846BA9D114CBF2CB009704F2 /* back-arrow.png in Resources */,
				846BA9D214CBF2CB009704F2 /* back-arrow@2x.png in Resources */,
				846BA9D314CBF2CB009704F2 /* forward-arrow.png in Resources */,
				846BA9D414CBF2CB009704F2 /* forward-arrow@2x.png in Resources */,
				8484C76414CC614C0041573E /* detailTableCell.png in Resources */,
				8484C76514CC614C0041573E /* detailTableCell@2x.png in Resources */,
				8474012C14CE51B00091278C /* 92909__robinhood76__01526-swoosh-2.wav in Resources */,
				84E0653E14CEC39800B28270 /* present.png in Resources */,
				84E0654514CECAB000B28270 /* present-nav.png in Resources */,
				84E0654614CECAB000B28270 /* present-nav@2x.png in Resources */,
				84B2275C14D03E0E00B5133F /* Table_bottom.png in Resources */,
				84B2275D14D03E0E00B5133F /* Table_mid.png in Resources */,
				84B2275E14D03E0E00B5133F /* Table_top.png in Resources */,
				84FFAD3F14D6949F00714B36 /* Icon.png in Resources */,
				84FFAD4114D694E900714B36 /* Icon@2x.png in Resources */,
				84FFAD4814D69EA400714B36 /* giveawayCell.png in Resources */,
				84D508DC14E1556C0053727A /* startingSound.wav in Resources */,
				84CD9B1214E25F40004EBFE6 /* facebooklikebutton.png in Resources */,
				84CD9B1C14E26343004EBFE6 /* glossyButton-disabled.png in Resources */,
				84CD9B1D14E26343004EBFE6 /* glossyButton-highlighted.png in Resources */,
				84CD9B1E14E26343004EBFE6 /* glossyButton-normal.png in Resources */,
				84A85B3D14E5429B0068A51D /* ImageDetailViewController.xib in Resources */,
				84A85B4214E545540068A51D /* CloseButton.png in Resources */,
				84A85B4314E545540068A51D /* CloseButton@2x.png in Resources */,
				84A85B4414E545540068A51D /* DetailPlaceholder.png in Resources */,
				84A85B4514E545540068A51D /* DetailPlaceholder@2x.png in Resources */,
			);
			runOnlyForDeploymentPostprocessing = 0;
		};
/* End PBXResourcesBuildPhase section */

/* Begin PBXSourcesBuildPhase section */
		84C9FF5014C91F6B0018FFA0 /* Sources */ = {
			isa = PBXSourcesBuildPhase;
			buildActionMask = 2147483647;
			files = (
				84C9FF6514C91F6B0018FFA0 /* main.m in Sources */,
				84C9FF6914C91F6B0018FFA0 /* AppDelegate.m in Sources */,
				842510C214C92B74007CE27F /* CIDoorwaySegue.m in Sources */,
				842510C514C92D0C007CE27F /* StartUpViewController.m in Sources */,
				842510D814C96137007CE27F /* MBProgressHUD.m in Sources */,
				84C5B78314C9919100648B54 /* WebViewController.m in Sources */,
				84C5B79B14C9BF5100648B54 /* HomeViewController.m in Sources */,
				84C4F06614CA5D9600B9A1BC /* CustomTitleViewController.m in Sources */,
				848437F314CB022600C40A1B /* UIView+Animation.m in Sources */,
				848437FA14CB163300C40A1B /* ListTableViewController.m in Sources */,
				8484381214CB1DA100C40A1B /* SDImageCache.m in Sources */,
				8484381314CB1DA100C40A1B /* SDWebImageDecoder.m in Sources */,
				8484381414CB1DA100C40A1B /* SDWebImageDownloader.m in Sources */,
				8484381514CB1DA100C40A1B /* SDWebImageManager.m in Sources */,
				8484381614CB1DA100C40A1B /* SDWebImagePrefetcher.m in Sources */,
				8484381714CB1DA100C40A1B /* UIButton+WebCache.m in Sources */,
				8484381814CB1DA100C40A1B /* UIImageView+WebCache.m in Sources */,
				846BA9D814CC0390009704F2 /* DetailViewController.m in Sources */,
				84E0654214CEC78F00B28270 /* GiveawayViewController.m in Sources */,
				84CFDDE514DCB88600A831FB /* AFHTTPClient.m in Sources */,
				84CFDDE614DCB88600A831FB /* AFHTTPRequestOperation.m in Sources */,
				84CFDDE714DCB88600A831FB /* AFImageRequestOperation.m in Sources */,
				84CFDDE814DCB88600A831FB /* AFJSONRequestOperation.m in Sources */,
				84CFDDE914DCB88600A831FB /* AFJSONUtilities.m in Sources */,
				84CFDDEA14DCB88600A831FB /* AFNetworkActivityIndicatorManager.m in Sources */,
				84CFDDEB14DCB88600A831FB /* AFPropertyListRequestOperation.m in Sources */,
				84CFDDEC14DCB88600A831FB /* AFURLConnectionOperation.m in Sources */,
				84CFDDED14DCB88600A831FB /* AFXMLRequestOperation.m in Sources */,
				84CFDDEE14DCB88600A831FB /* UIImageView+AFNetworking.m in Sources */,
				84D95C1B14DEC307000D535D /* Place.m in Sources */,
				8438CCB514DFDEBE00594332 /* ItemBought.m in Sources */,
				84EE42AA14E029F000F18806 /* Winner.m in Sources */,
				84EE42AE14E02B0A00F18806 /* GiveawayItem.m in Sources */,
				84CD9B2414E27ED3004EBFE6 /* NSString+MD5Addition.m in Sources */,
				84CD9B2514E27ED3004EBFE6 /* UIDevice+IdentifierAddition.m in Sources */,
				84677F6814E37C350037A2AD /* MyConstants.m in Sources */,
				84A85B3C14E5429B0068A51D /* ImageDetailViewController.m in Sources */,
				84E971E014E5484F0011D7E2 /* GradientView.m in Sources */,
			);
			runOnlyForDeploymentPostprocessing = 0;
		};
/* End PBXSourcesBuildPhase section */

/* Begin PBXTargetDependency section */
		3201088596B4756681693701 /* PBXTargetDependency */ = {
			isa = PBXTargetDependency;
			name = Three20UICommon;
			targetProxy = 3201088596B4756681693702 /* PBXContainerItemProxy */;
		};
		320A2827FEC940B25BC42C61 /* PBXTargetDependency */ = {
			isa = PBXTargetDependency;
			name = Three20Core;
			targetProxy = 320A2827FEC940B25BC42C62 /* PBXContainerItemProxy */;
		};
		320A5A189C235877202780D1 /* PBXTargetDependency */ = {
			isa = PBXTargetDependency;
			name = Three20Network;
			targetProxy = 320A5A189C235877202780D2 /* PBXContainerItemProxy */;
		};
		320A737074758E53BA54BE91 /* PBXTargetDependency */ = {
			isa = PBXTargetDependency;
			name = Three20UINavigator;
			targetProxy = 320A737074758E53BA54BE92 /* PBXContainerItemProxy */;
		};
		320CC833B8AF0ACFD35E6221 /* PBXTargetDependency */ = {
			isa = PBXTargetDependency;
			name = Three20Style;
			targetProxy = 320CC833B8AF0ACFD35E6222 /* PBXContainerItemProxy */;
		};
		320D7DCCE32703ACAB9A45E1 /* PBXTargetDependency */ = {
			isa = PBXTargetDependency;
			name = Three20;
			targetProxy = 320D7DCCE32703ACAB9A45E2 /* PBXContainerItemProxy */;
		};
		320F2C48872C2E2C4DF86201 /* PBXTargetDependency */ = {
			isa = PBXTargetDependency;
			name = Three20UI;
			targetProxy = 320F2C48872C2E2C4DF86202 /* PBXContainerItemProxy */;
		};
/* End PBXTargetDependency section */

/* Begin PBXVariantGroup section */
		84C9FF6114C91F6B0018FFA0 /* InfoPlist.strings */ = {
			isa = PBXVariantGroup;
			children = (
				84C9FF6214C91F6B0018FFA0 /* en */,
			);
			name = InfoPlist.strings;
			sourceTree = "<group>";
		};
		84C9FF6A14C91F6B0018FFA0 /* MainStoryboard.storyboard */ = {
			isa = PBXVariantGroup;
			children = (
				84C9FF6B14C91F6B0018FFA0 /* en */,
			);
			name = MainStoryboard.storyboard;
			sourceTree = "<group>";
		};
/* End PBXVariantGroup section */

/* Begin XCBuildConfiguration section */
		84C9FF7014C91F6B0018FFA0 /* Debug */ = {
			isa = XCBuildConfiguration;
			buildSettings = {
				ALWAYS_SEARCH_USER_PATHS = NO;
				ARCHS = "$(ARCHS_STANDARD_32_BIT)";
				"CODE_SIGN_IDENTITY[sdk=iphoneos*]" = "iPhone Developer";
				COPY_PHASE_STRIP = NO;
				GCC_C_LANGUAGE_STANDARD = gnu99;
				GCC_DYNAMIC_NO_PIC = NO;
				GCC_OPTIMIZATION_LEVEL = 0;
				GCC_PREPROCESSOR_DEFINITIONS = (
					"DEBUG=1",
					"$(inherited)",
				);
				GCC_SYMBOLS_PRIVATE_EXTERN = NO;
				GCC_VERSION = com.apple.compilers.llvm.clang.1_0;
				GCC_WARN_ABOUT_MISSING_PROTOTYPES = YES;
				GCC_WARN_ABOUT_RETURN_TYPE = YES;
				GCC_WARN_UNUSED_VARIABLE = YES;
				HEADER_SEARCH_PATHS = (
					"$(BUILT_PRODUCTS_DIR)/../three20",
					"$(BUILT_PRODUCTS_DIR)/../../three20",
					../three20/Build/Products/three20,
				);
				IPHONEOS_DEPLOYMENT_TARGET = 5.0;
				OTHER_LDFLAGS = "-ObjC";
				SDKROOT = iphoneos;
			};
			name = Debug;
		};
		84C9FF7114C91F6B0018FFA0 /* Release */ = {
			isa = XCBuildConfiguration;
			buildSettings = {
				ALWAYS_SEARCH_USER_PATHS = NO;
				ARCHS = "$(ARCHS_STANDARD_32_BIT)";
				"CODE_SIGN_IDENTITY[sdk=iphoneos*]" = "iPhone Developer";
				COPY_PHASE_STRIP = YES;
				GCC_C_LANGUAGE_STANDARD = gnu99;
				GCC_VERSION = com.apple.compilers.llvm.clang.1_0;
				GCC_WARN_ABOUT_MISSING_PROTOTYPES = YES;
				GCC_WARN_ABOUT_RETURN_TYPE = YES;
				GCC_WARN_UNUSED_VARIABLE = YES;
				HEADER_SEARCH_PATHS = (
					"$(BUILT_PRODUCTS_DIR)/../three20",
					"$(BUILT_PRODUCTS_DIR)/../../three20",
					../three20/Build/Products/three20,
				);
				IPHONEOS_DEPLOYMENT_TARGET = 5.0;
				OTHER_CFLAGS = "-DNS_BLOCK_ASSERTIONS=1";
				OTHER_LDFLAGS = "-ObjC";
				SDKROOT = iphoneos;
				VALIDATE_PRODUCT = YES;
			};
			name = Release;
		};
		84C9FF7314C91F6B0018FFA0 /* Debug */ = {
			isa = XCBuildConfiguration;
			buildSettings = {
				CLANG_ENABLE_OBJC_ARC = YES;
				"CODE_SIGN_IDENTITY[sdk=iphoneos*]" = "iPhone Developer: Audrey Chua (98KC34ERRV)";
				FRAMEWORK_SEARCH_PATHS = (
					"$(inherited)",
					"\"$(SRCROOT)\"",
				);
				GCC_PRECOMPILE_PREFIX_HEADER = YES;
				GCC_PREFIX_HEADER = "Budget Barbie/Budget Barbie-Prefix.pch";
				INFOPLIST_FILE = "Budget Barbie/Budget Barbie-Info.plist";
				PRODUCT_NAME = "$(TARGET_NAME)";
				"PROVISIONING_PROFILE[sdk=iphoneos*]" = "65312FB9-89D9-43A5-B205-DA81DD2C27D4";
				WRAPPER_EXTENSION = app;
			};
			name = Debug;
		};
		84C9FF7414C91F6B0018FFA0 /* Release */ = {
			isa = XCBuildConfiguration;
			buildSettings = {
				CLANG_ENABLE_OBJC_ARC = YES;
				FRAMEWORK_SEARCH_PATHS = (
					"$(inherited)",
					"\"$(SRCROOT)\"",
				);
				GCC_PRECOMPILE_PREFIX_HEADER = YES;
				GCC_PREFIX_HEADER = "Budget Barbie/Budget Barbie-Prefix.pch";
				INFOPLIST_FILE = "Budget Barbie/Budget Barbie-Info.plist";
				PRODUCT_NAME = "$(TARGET_NAME)";
				WRAPPER_EXTENSION = app;
			};
			name = Release;
		};
/* End XCBuildConfiguration section */

/* Begin XCConfigurationList section */
		84C9FF4E14C91F6B0018FFA0 /* Build configuration list for PBXProject "Budget Barbie" */ = {
			isa = XCConfigurationList;
			buildConfigurations = (
				84C9FF7014C91F6B0018FFA0 /* Debug */,
				84C9FF7114C91F6B0018FFA0 /* Release */,
			);
			defaultConfigurationIsVisible = 0;
			defaultConfigurationName = Release;
		};
		84C9FF7214C91F6B0018FFA0 /* Build configuration list for PBXNativeTarget "Budget Barbie" */ = {
			isa = XCConfigurationList;
			buildConfigurations = (
				84C9FF7314C91F6B0018FFA0 /* Debug */,
				84C9FF7414C91F6B0018FFA0 /* Release */,
			);
			defaultConfigurationIsVisible = 0;
			defaultConfigurationName = Release;
		};
/* End XCConfigurationList section */
	};
	rootObject = 84C9FF4B14C91F6B0018FFA0 /* Project object */;
}
